// !$*UTF8*$!
{
	archiveVersion = 1;
	classes = {
	};
	objectVersion = 50;
	objects = {

/* Begin PBXBuildFile section */
		3A03324E20C9BD56007C7B46 /* EditItemViewController.swift in Sources */ = {isa = PBXBuildFile; fileRef = 3A03324D20C9BD56007C7B46 /* EditItemViewController.swift */; };
		3A043E5F20D6E3470068287B /* ManageCategoriesViewController+TextFieldWithCancelDelegate.swift in Sources */ = {isa = PBXBuildFile; fileRef = 3A043E5E20D6E3470068287B /* ManageCategoriesViewController+TextFieldWithCancelDelegate.swift */; };
		3A043E6120D6FC400068287B /* CollectionExtensions.swift in Sources */ = {isa = PBXBuildFile; fileRef = 3A043E6020D6FC400068287B /* CollectionExtensions.swift */; };
		3A13566D207E94D8006A7414 /* BasketTableViewCell.swift in Sources */ = {isa = PBXBuildFile; fileRef = 3A13566C207E94D8006A7414 /* BasketTableViewCell.swift */; };
		3A13566F207E9910006A7414 /* AddToBasketDelegate.swift in Sources */ = {isa = PBXBuildFile; fileRef = 3A13566E207E9910006A7414 /* AddToBasketDelegate.swift */; };
		3A135671207E993D006A7414 /* RemoveFromBasketDelegate.swift in Sources */ = {isa = PBXBuildFile; fileRef = 3A135670207E993D006A7414 /* RemoveFromBasketDelegate.swift */; };
		3A135673207E9AF3006A7414 /* UIButtonExtensions.swift in Sources */ = {isa = PBXBuildFile; fileRef = 3A135672207E9AF3006A7414 /* UIButtonExtensions.swift */; };
		3A193C8821335F9E00EF6288 /* ListNameGenerator.swift in Sources */ = {isa = PBXBuildFile; fileRef = 3A193C8721335F9E00EF6288 /* ListNameGenerator.swift */; };
		3A20012B2097CBBE0015111F /* ItemsViewController+UITableView.swift in Sources */ = {isa = PBXBuildFile; fileRef = 3A20012A2097CBBE0015111F /* ItemsViewController+UITableView.swift */; };
		3A20012D2097CE6F0015111F /* ItemsViewController+AddToBasketDelegate.swift in Sources */ = {isa = PBXBuildFile; fileRef = 3A20012C2097CE6F0015111F /* ItemsViewController+AddToBasketDelegate.swift */; };
		3A2001312097D4D00015111F /* BasketVewController+UITableView.swift in Sources */ = {isa = PBXBuildFile; fileRef = 3A2001302097D4D00015111F /* BasketVewController+UITableView.swift */; };
		3A2001332097D5250015111F /* BasketViewController+RemoveFromBasket.swift in Sources */ = {isa = PBXBuildFile; fileRef = 3A2001322097D5250015111F /* BasketViewController+RemoveFromBasket.swift */; };
		3A31380220D85ADF00635266 /* CategoryEntityExtensions.swift in Sources */ = {isa = PBXBuildFile; fileRef = 3A31380120D85ADF00635266 /* CategoryEntityExtensions.swift */; };
		3A37694C20D1B27D0039DA54 /* SettingsViewController.swift in Sources */ = {isa = PBXBuildFile; fileRef = 3A37694B20D1B27D0039DA54 /* SettingsViewController.swift */; };
		3A37694E20D1B3780039DA54 /* SettingsViewController+UITableView.swift in Sources */ = {isa = PBXBuildFile; fileRef = 3A37694D20D1B3780039DA54 /* SettingsViewController+UITableView.swift */; };
		3A37695120D1BA920039DA54 /* ManageCategoriesViewController.swift in Sources */ = {isa = PBXBuildFile; fileRef = 3A37695020D1BA920039DA54 /* ManageCategoriesViewController.swift */; };
		3A37695320D1BAD00039DA54 /* ManageCategoriesViewController+UITableView.swift in Sources */ = {isa = PBXBuildFile; fileRef = 3A37695220D1BAD00039DA54 /* ManageCategoriesViewController+UITableView.swift */; };
		3A392E38207A5A3C005857E5 /* AppDelegate.swift in Sources */ = {isa = PBXBuildFile; fileRef = 3A392E37207A5A3C005857E5 /* AppDelegate.swift */; };
		3A392E3A207A5A3C005857E5 /* ItemsViewController.swift in Sources */ = {isa = PBXBuildFile; fileRef = 3A392E39207A5A3C005857E5 /* ItemsViewController.swift */; };
		3A392E3F207A5A3D005857E5 /* Assets.xcassets in Resources */ = {isa = PBXBuildFile; fileRef = 3A392E3E207A5A3D005857E5 /* Assets.xcassets */; };
		3A392E42207A5A3D005857E5 /* LaunchScreen.storyboard in Resources */ = {isa = PBXBuildFile; fileRef = 3A392E40207A5A3D005857E5 /* LaunchScreen.storyboard */; };
		3A392E4D207A5A3D005857E5 /* ShoppingListTests.swift in Sources */ = {isa = PBXBuildFile; fileRef = 3A392E4C207A5A3D005857E5 /* ShoppingListTests.swift */; };
		3A3B54AF20D05D310039CDCC /* EditItemViewControllerDelegate.swift in Sources */ = {isa = PBXBuildFile; fileRef = 3A3B54AE20D05D310039CDCC /* EditItemViewControllerDelegate.swift */; };
		3A3B54B120D05F870039CDCC /* ItemsViewController+EditItemViewControllerDelegate.swift in Sources */ = {isa = PBXBuildFile; fileRef = 3A3B54B020D05F870039CDCC /* ItemsViewController+EditItemViewControllerDelegate.swift */; };
		3A422A4521472CCD00773BD8 /* ItemsTableViewHeaderCell.swift in Sources */ = {isa = PBXBuildFile; fileRef = 3A422A4421472CCD00773BD8 /* ItemsTableViewHeaderCell.swift */; };
		3A4E318E2142F8A600BE1DCD /* Command.swift in Sources */ = {isa = PBXBuildFile; fileRef = 3A4E318D2142F8A600BE1DCD /* Command.swift */; };
		3A4E31902142F8C800BE1DCD /* CommandInvoker.swift in Sources */ = {isa = PBXBuildFile; fileRef = 3A4E318F2142F8C800BE1DCD /* CommandInvoker.swift */; };
		3A4E319821430F0800BE1DCD /* CommandSource.swift in Sources */ = {isa = PBXBuildFile; fileRef = 3A4E319721430F0800BE1DCD /* CommandSource.swift */; };
		3A4E319D214322DD00BE1DCD /* ItemsCommand.swift in Sources */ = {isa = PBXBuildFile; fileRef = 3A4E319C214322DD00BE1DCD /* ItemsCommand.swift */; };
		3A50641720DFEE5300DBB5C4 /* ListsViewController+TextFieldWithCancelDelegate.swift in Sources */ = {isa = PBXBuildFile; fileRef = 3A50641620DFEE5300DBB5C4 /* ListsViewController+TextFieldWithCancelDelegate.swift */; };
		3A50641B20E0121000DBB5C4 /* ItemsViewControllerDelegate.swift in Sources */ = {isa = PBXBuildFile; fileRef = 3A50641A20E0121000DBB5C4 /* ItemsViewControllerDelegate.swift */; };
		3A50641D20E012C400DBB5C4 /* ListsViewController+ItemsViewControllerDelegate.swift in Sources */ = {isa = PBXBuildFile; fileRef = 3A50641C20E012C400DBB5C4 /* ListsViewController+ItemsViewControllerDelegate.swift */; };
		3A54251D20BBD8090095D66A /* BasketToolbar.swift in Sources */ = {isa = PBXBuildFile; fileRef = 3A54251C20BBD8090095D66A /* BasketToolbar.swift */; };
		3A54251F20BBDE7C0095D66A /* BasketViewController+BasketToolbarDelegate.swift in Sources */ = {isa = PBXBuildFile; fileRef = 3A54251E20BBDE7C0095D66A /* BasketViewController+BasketToolbarDelegate.swift */; };
		3A54252120BBE2D10095D66A /* BasketToolbarDelegate.swift in Sources */ = {isa = PBXBuildFile; fileRef = 3A54252020BBE2D10095D66A /* BasketToolbarDelegate.swift */; };
		3A562A0120E40CFF0030732D /* EditListAlertBuilder.swift in Sources */ = {isa = PBXBuildFile; fileRef = 3A562A0020E40CFF0030732D /* EditListAlertBuilder.swift */; };
		3A562A0320E430CE0030732D /* ListEntityExtensions.swift in Sources */ = {isa = PBXBuildFile; fileRef = 3A562A0220E430CE0030732D /* ListEntityExtensions.swift */; };
		3A56DE92212CB1BF00F269F3 /* ValidationButtonRule.swift in Sources */ = {isa = PBXBuildFile; fileRef = 3A56DE91212CB1BF00F269F3 /* ValidationButtonRule.swift */; };
		3A67525A2132B18D008CD3E4 /* ButtonWithHighlight.swift in Sources */ = {isa = PBXBuildFile; fileRef = 3A6752592132B18D008CD3E4 /* ButtonWithHighlight.swift */; };
		3A67525F2132C0F7008CD3E4 /* TextFieldWithWarningDelegate.swift in Sources */ = {isa = PBXBuildFile; fileRef = 3A67525E2132C0F7008CD3E4 /* TextFieldWithWarningDelegate.swift */; };
		3A69E40E20B9ECE7004D122E /* CoreDataRepository.swift in Sources */ = {isa = PBXBuildFile; fileRef = 3A69E40D20B9ECE7004D122E /* CoreDataRepository.swift */; };
		3A69E41220B9EFD0004D122E /* Repository.swift in Sources */ = {isa = PBXBuildFile; fileRef = 3A69E41120B9EFD0004D122E /* Repository.swift */; };
		3A69E41420B9F158004D122E /* RepositoryProtocol.swift in Sources */ = {isa = PBXBuildFile; fileRef = 3A69E41320B9F158004D122E /* RepositoryProtocol.swift */; };
		3A69E41720BA01AF004D122E /* ShoppingList.xcdatamodeld in Sources */ = {isa = PBXBuildFile; fileRef = 3A69E41520BA01AF004D122E /* ShoppingList.xcdatamodeld */; };
		3A69E41D20BA1C37004D122E /* ItemEntityExtensions.swift in Sources */ = {isa = PBXBuildFile; fileRef = 3A69E41C20BA1C37004D122E /* ItemEntityExtensions.swift */; };
		3A818D55214B00E3005BEC5F /* RemoveCategoryCommand.swift in Sources */ = {isa = PBXBuildFile; fileRef = 3A818D54214B00E3005BEC5F /* RemoveCategoryCommand.swift */; };
		3A818D57214B08F6005BEC5F /* AddItemsBackToListCommand.swift in Sources */ = {isa = PBXBuildFile; fileRef = 3A818D56214B08F6005BEC5F /* AddItemsBackToListCommand.swift */; };
		3A818D59214B0C1E005BEC5F /* RemoveItemsFromBasketCommand.swift in Sources */ = {isa = PBXBuildFile; fileRef = 3A818D58214B0C1E005BEC5F /* RemoveItemsFromBasketCommand.swift */; };
		3A82DC4E207D5296006B3885 /* Item.swift in Sources */ = {isa = PBXBuildFile; fileRef = 3A82DC4D207D5296006B3885 /* Item.swift */; };
		3A82DC50207D52BC006B3885 /* ItemState.swift in Sources */ = {isa = PBXBuildFile; fileRef = 3A82DC4F207D52BC006B3885 /* ItemState.swift */; };
		3A82DC53207D6616006B3885 /* UITableViewExtensions.swift in Sources */ = {isa = PBXBuildFile; fileRef = 3A82DC52207D6616006B3885 /* UITableViewExtensions.swift */; };
		3A82DC56207D7539006B3885 /* BasketViewController.swift in Sources */ = {isa = PBXBuildFile; fileRef = 3A82DC55207D7539006B3885 /* BasketViewController.swift */; };
		3A8B0B8D2152F400008E184F /* RemoveItemsFromListCommand.swift in Sources */ = {isa = PBXBuildFile; fileRef = 3A8B0B8C2152F400008E184F /* RemoveItemsFromListCommand.swift */; };
		3A8BC19820C7024100B2F357 /* ItemsOrder.swift in Sources */ = {isa = PBXBuildFile; fileRef = 3A8BC19720C7024100B2F357 /* ItemsOrder.swift */; };
		3A8BC19A20C72C3300B2F357 /* ItemsOrdersEntityExtensions.swift in Sources */ = {isa = PBXBuildFile; fileRef = 3A8BC19920C72C3300B2F357 /* ItemsOrdersEntityExtensions.swift */; };
		3A8F1A292107CE1900F27A1E /* ListActionsAlertBuilder.swift in Sources */ = {isa = PBXBuildFile; fileRef = 3A8F1A282107CE1900F27A1E /* ListActionsAlertBuilder.swift */; };
		3A8F1A2B2107D7B700F27A1E /* ListsActionsAlertDelegate.swift in Sources */ = {isa = PBXBuildFile; fileRef = 3A8F1A2A2107D7B700F27A1E /* ListsActionsAlertDelegate.swift */; };
		3A8F1A2D2107D82B00F27A1E /* ListsViewController+ListsActionsAlertDelegate.swift in Sources */ = {isa = PBXBuildFile; fileRef = 3A8F1A2C2107D82B00F27A1E /* ListsViewController+ListsActionsAlertDelegate.swift */; };
		3A92DFDB2149BA7B009EA5B7 /* RemoveListCommand.swift in Sources */ = {isa = PBXBuildFile; fileRef = 3A92DFDA2149BA7B009EA5B7 /* RemoveListCommand.swift */; };
		3A972EBF207A877D00963961 /* UIViewExtensions.swift in Sources */ = {isa = PBXBuildFile; fileRef = 3A972EBE207A877D00963961 /* UIViewExtensions.swift */; };
		3A972EC2207A8A1000963961 /* CancelButtonAnimations.swift in Sources */ = {isa = PBXBuildFile; fileRef = 3A972EC1207A8A1000963961 /* CancelButtonAnimations.swift */; };
		3A972EC4207A97B300963961 /* ItemsTableViewCell.swift in Sources */ = {isa = PBXBuildFile; fileRef = 3A972EC3207A97B300963961 /* ItemsTableViewCell.swift */; };
		3A992241212E042800A6A2F9 /* PopupWithTextFieldController.swift in Sources */ = {isa = PBXBuildFile; fileRef = 3A992240212E042800A6A2F9 /* PopupWithTextFieldController.swift */; };
		3A9EAF42209BBA4900B4A39D /* Category.swift in Sources */ = {isa = PBXBuildFile; fileRef = 3A9EAF41209BBA4900B4A39D /* Category.swift */; };
		3A9EAF44209BBF5300B4A39D /* InMemoryRepository.swift in Sources */ = {isa = PBXBuildFile; fileRef = 3A9EAF43209BBF5300B4A39D /* InMemoryRepository.swift */; };
		3AAC84F9211235EE00FF3B9E /* EditItemViewController+UIGestureRecognizerDelegate.swift in Sources */ = {isa = PBXBuildFile; fileRef = 3AAC84F8211235EE00FF3B9E /* EditItemViewController+UIGestureRecognizerDelegate.swift */; };
		3AB80FD52110FCE7002DDC4C /* InfoForEditItem.swift in Sources */ = {isa = PBXBuildFile; fileRef = 3AB80FD42110FCE7002DDC4C /* InfoForEditItem.swift */; };
		3AB80FD72110FD49002DDC4C /* InfoForEditItem+UITextFieldDelegate.swift in Sources */ = {isa = PBXBuildFile; fileRef = 3AB80FD62110FD49002DDC4C /* InfoForEditItem+UITextFieldDelegate.swift */; };
		3AB80FD92110FD70002DDC4C /* InfoForEditItemDelegate.swift in Sources */ = {isa = PBXBuildFile; fileRef = 3AB80FD82110FD70002DDC4C /* InfoForEditItemDelegate.swift */; };
		3ABFD99120CD9B5E00D0C258 /* CategoriesForEditItem+UIPickerView.swift in Sources */ = {isa = PBXBuildFile; fileRef = 3ABFD99020CD9B5E00D0C258 /* CategoriesForEditItem+UIPickerView.swift */; };
		3AC6211D20C0542A00A16F0E /* TextFieldWithCancel.swift in Sources */ = {isa = PBXBuildFile; fileRef = 3AC6211C20C0542A00A16F0E /* TextFieldWithCancel.swift */; };
		3AC6211F20C0570100A16F0E /* ItemsViewController+TextFieldWithCancelDelegate.swift in Sources */ = {isa = PBXBuildFile; fileRef = 3AC6211E20C0570100A16F0E /* ItemsViewController+TextFieldWithCancelDelegate.swift */; };
		3AC6212120C0575900A16F0E /* TextFieldWithCancelDelegate.swift in Sources */ = {isa = PBXBuildFile; fileRef = 3AC6212020C0575900A16F0E /* TextFieldWithCancelDelegate.swift */; };
		3AC68B9320E2CF7F000F0487 /* BottomShadowAnimations.swift in Sources */ = {isa = PBXBuildFile; fileRef = 3AC68B9220E2CF7F000F0487 /* BottomShadowAnimations.swift */; };
		3AC68B9620E2DF2A000F0487 /* DeleteListAlertBuilder.swift in Sources */ = {isa = PBXBuildFile; fileRef = 3AC68B9520E2DF2A000F0487 /* DeleteListAlertBuilder.swift */; };
		3ACC283B20C8699300F31AB6 /* ItemsSorter.swift in Sources */ = {isa = PBXBuildFile; fileRef = 3ACC283A20C8699300F31AB6 /* ItemsSorter.swift */; };
		3AD1EFFE20D45B700066FBF7 /* WarningAlertBuilder.swift in Sources */ = {isa = PBXBuildFile; fileRef = 3AD1EFFD20D45B700066FBF7 /* WarningAlertBuilder.swift */; };
		3AD1F00020D461650066FBF7 /* DeleteCategoryAlertBuilder.swift in Sources */ = {isa = PBXBuildFile; fileRef = 3AD1EFFF20D461650066FBF7 /* DeleteCategoryAlertBuilder.swift */; };
		3AD1F00520D46C8E0066FBF7 /* EditContextualActionBuilder.swift in Sources */ = {isa = PBXBuildFile; fileRef = 3AD1F00420D46C8E0066FBF7 /* EditContextualActionBuilder.swift */; };
		3AD1F00720D476A20066FBF7 /* DeleteContextualActionBuilder.swift in Sources */ = {isa = PBXBuildFile; fileRef = 3AD1F00620D476A20066FBF7 /* DeleteContextualActionBuilder.swift */; };
		3ADFCD2620E91AF800E49C17 /* ItemNameForEditItem.swift in Sources */ = {isa = PBXBuildFile; fileRef = 3ADFCD2520E91AF800E49C17 /* ItemNameForEditItem.swift */; };
		3ADFCD2B20E928C700E49C17 /* ItemNameForEditItemDelegate.swift in Sources */ = {isa = PBXBuildFile; fileRef = 3ADFCD2A20E928C700E49C17 /* ItemNameForEditItemDelegate.swift */; };
		3ADFCD3020E9295C00E49C17 /* CategoriesForEditItem.swift in Sources */ = {isa = PBXBuildFile; fileRef = 3ADFCD2F20E9295C00E49C17 /* CategoriesForEditItem.swift */; };
		3ADFCD3720E93EC500E49C17 /* EditItemViewController+CategoriesForEditItemDelegate.swift in Sources */ = {isa = PBXBuildFile; fileRef = 3ADFCD3620E93EC500E49C17 /* EditItemViewController+CategoriesForEditItemDelegate.swift */; };
		3ADFCD3920E9441900E49C17 /* CategoriesForEditItemDelegate.swift in Sources */ = {isa = PBXBuildFile; fileRef = 3ADFCD3820E9441900E49C17 /* CategoriesForEditItemDelegate.swift */; };
		3ADFCD3B20E947D500E49C17 /* AddCategoryPopupForEditItem.swift in Sources */ = {isa = PBXBuildFile; fileRef = 3ADFCD3A20E947D500E49C17 /* AddCategoryPopupForEditItem.swift */; };
		3ADFCD3D20E9503E00E49C17 /* ListsForEditItem.swift in Sources */ = {isa = PBXBuildFile; fileRef = 3ADFCD3C20E9503E00E49C17 /* ListsForEditItem.swift */; };
		3ADFCD3F20E9523900E49C17 /* ListsForEditItem+UIPickerView.swift in Sources */ = {isa = PBXBuildFile; fileRef = 3ADFCD3E20E9523900E49C17 /* ListsForEditItem+UIPickerView.swift */; };
		3ADFCD4120E95D0900E49C17 /* ListsForEditItemDelegate.swift in Sources */ = {isa = PBXBuildFile; fileRef = 3ADFCD4020E95D0900E49C17 /* ListsForEditItemDelegate.swift */; };
		3ADFCD4320E95DAF00E49C17 /* EditItemViewController+ListsForEditItemDelegate.swift in Sources */ = {isa = PBXBuildFile; fileRef = 3ADFCD4220E95DAF00E49C17 /* EditItemViewController+ListsForEditItemDelegate.swift */; };
		3ADFCD4520E964F200E49C17 /* AddListPopupForEditItem.swift in Sources */ = {isa = PBXBuildFile; fileRef = 3ADFCD4420E964F200E49C17 /* AddListPopupForEditItem.swift */; };
		3AE3AF722129EB8B00D105FE /* TextFieldWithWarning.swift in Sources */ = {isa = PBXBuildFile; fileRef = 3AE3AF712129EB8B00D105FE /* TextFieldWithWarning.swift */; };
		3AE3AF74212A07D800D105FE /* ButtonValidatable.swift in Sources */ = {isa = PBXBuildFile; fileRef = 3AE3AF73212A07D800D105FE /* ButtonValidatable.swift */; };
		3AE81922214EE717009E962F /* BasketCommand.swift in Sources */ = {isa = PBXBuildFile; fileRef = 3AE81921214EE716009E962F /* BasketCommand.swift */; };
		3AE81924214F0100009E962F /* AddItemsToBasketCommand.swift in Sources */ = {isa = PBXBuildFile; fileRef = 3AE81923214F0100009E962F /* AddItemsToBasketCommand.swift */; };
		3AEDFEF020BC9F460002B6F7 /* ItemsViewController+ItemsToolbarDelegate.swift in Sources */ = {isa = PBXBuildFile; fileRef = 3AEDFEEF20BC9F460002B6F7 /* ItemsViewController+ItemsToolbarDelegate.swift */; };
		3AEDFEF220BC9F980002B6F7 /* ItemsToolbar.swift in Sources */ = {isa = PBXBuildFile; fileRef = 3AEDFEF120BC9F980002B6F7 /* ItemsToolbar.swift */; };
		3AEDFEF420BC9FE30002B6F7 /* ItemsToolbarDelegate.swift in Sources */ = {isa = PBXBuildFile; fileRef = 3AEDFEF320BC9FE30002B6F7 /* ItemsToolbarDelegate.swift */; };
		3AF04E9920D2FA6000938F13 /* ManageCategoriesTableViewCell.swift in Sources */ = {isa = PBXBuildFile; fileRef = 3AF04E9820D2FA6000938F13 /* ManageCategoriesTableViewCell.swift */; };
		3AFAEF1120DD88DE00E58C00 /* List.swift in Sources */ = {isa = PBXBuildFile; fileRef = 3AFAEF1020DD88DE00E58C00 /* List.swift */; };
		3AFAEF1420DD8A1F00E58C00 /* ListsViewController.swift in Sources */ = {isa = PBXBuildFile; fileRef = 3AFAEF1320DD8A1F00E58C00 /* ListsViewController.swift */; };
		3AFAEF1820DD946E00E58C00 /* ListsViewController+UITableView.swift in Sources */ = {isa = PBXBuildFile; fileRef = 3AFAEF1720DD946E00E58C00 /* ListsViewController+UITableView.swift */; };
		3AFAEF1C20DDA05500E58C00 /* ListsTableViewCell.swift in Sources */ = {isa = PBXBuildFile; fileRef = 3AFAEF1B20DDA05500E58C00 /* ListsTableViewCell.swift */; };
		3AFAEF1E20DDA78D00E58C00 /* ListAccessType.swift in Sources */ = {isa = PBXBuildFile; fileRef = 3AFAEF1D20DDA78D00E58C00 /* ListAccessType.swift */; };
		3AFBF96A2128DDC500FEAB55 /* ValidationButtonAnimations.swift in Sources */ = {isa = PBXBuildFile; fileRef = 3AFBF9692128DDC500FEAB55 /* ValidationButtonAnimations.swift */; };
		E5E415EADA71430253D04582 /* Pods_ShoppingListTests.framework in Frameworks */ = {isa = PBXBuildFile; fileRef = D08A02D339E985ADB26259F4 /* Pods_ShoppingListTests.framework */; };
		F467B00E34EF72F27407A067 /* Pods_ShoppingList.framework in Frameworks */ = {isa = PBXBuildFile; fileRef = 2F89A6B77104F16996628384 /* Pods_ShoppingList.framework */; };
/* End PBXBuildFile section */

/* Begin PBXContainerItemProxy section */
		3A392E49207A5A3D005857E5 /* PBXContainerItemProxy */ = {
			isa = PBXContainerItemProxy;
			containerPortal = 3A392E2C207A5A3C005857E5 /* Project object */;
			proxyType = 1;
			remoteGlobalIDString = 3A392E33207A5A3C005857E5;
			remoteInfo = ShoppingList;
		};
/* End PBXContainerItemProxy section */

/* Begin PBXFileReference section */
		2F89A6B77104F16996628384 /* Pods_ShoppingList.framework */ = {isa = PBXFileReference; explicitFileType = wrapper.framework; includeInIndex = 0; path = Pods_ShoppingList.framework; sourceTree = BUILT_PRODUCTS_DIR; };
		3A03324D20C9BD56007C7B46 /* EditItemViewController.swift */ = {isa = PBXFileReference; lastKnownFileType = sourcecode.swift; path = EditItemViewController.swift; sourceTree = "<group>"; };
		3A043E5E20D6E3470068287B /* ManageCategoriesViewController+TextFieldWithCancelDelegate.swift */ = {isa = PBXFileReference; lastKnownFileType = sourcecode.swift; path = "ManageCategoriesViewController+TextFieldWithCancelDelegate.swift"; sourceTree = "<group>"; };
		3A043E6020D6FC400068287B /* CollectionExtensions.swift */ = {isa = PBXFileReference; lastKnownFileType = sourcecode.swift; path = CollectionExtensions.swift; sourceTree = "<group>"; };
		3A13566C207E94D8006A7414 /* BasketTableViewCell.swift */ = {isa = PBXFileReference; lastKnownFileType = sourcecode.swift; path = BasketTableViewCell.swift; sourceTree = "<group>"; };
		3A13566E207E9910006A7414 /* AddToBasketDelegate.swift */ = {isa = PBXFileReference; lastKnownFileType = sourcecode.swift; path = AddToBasketDelegate.swift; sourceTree = "<group>"; };
		3A135670207E993D006A7414 /* RemoveFromBasketDelegate.swift */ = {isa = PBXFileReference; lastKnownFileType = sourcecode.swift; path = RemoveFromBasketDelegate.swift; sourceTree = "<group>"; };
		3A135672207E9AF3006A7414 /* UIButtonExtensions.swift */ = {isa = PBXFileReference; lastKnownFileType = sourcecode.swift; path = UIButtonExtensions.swift; sourceTree = "<group>"; };
		3A193C8721335F9E00EF6288 /* ListNameGenerator.swift */ = {isa = PBXFileReference; lastKnownFileType = sourcecode.swift; path = ListNameGenerator.swift; sourceTree = "<group>"; };
		3A20012A2097CBBE0015111F /* ItemsViewController+UITableView.swift */ = {isa = PBXFileReference; lastKnownFileType = sourcecode.swift; path = "ItemsViewController+UITableView.swift"; sourceTree = "<group>"; };
		3A20012C2097CE6F0015111F /* ItemsViewController+AddToBasketDelegate.swift */ = {isa = PBXFileReference; lastKnownFileType = sourcecode.swift; path = "ItemsViewController+AddToBasketDelegate.swift"; sourceTree = "<group>"; };
		3A2001302097D4D00015111F /* BasketVewController+UITableView.swift */ = {isa = PBXFileReference; lastKnownFileType = sourcecode.swift; path = "BasketVewController+UITableView.swift"; sourceTree = "<group>"; };
		3A2001322097D5250015111F /* BasketViewController+RemoveFromBasket.swift */ = {isa = PBXFileReference; lastKnownFileType = sourcecode.swift; path = "BasketViewController+RemoveFromBasket.swift"; sourceTree = "<group>"; };
		3A31380120D85ADF00635266 /* CategoryEntityExtensions.swift */ = {isa = PBXFileReference; lastKnownFileType = sourcecode.swift; path = CategoryEntityExtensions.swift; sourceTree = "<group>"; };
		3A37694B20D1B27D0039DA54 /* SettingsViewController.swift */ = {isa = PBXFileReference; lastKnownFileType = sourcecode.swift; path = SettingsViewController.swift; sourceTree = "<group>"; };
		3A37694D20D1B3780039DA54 /* SettingsViewController+UITableView.swift */ = {isa = PBXFileReference; lastKnownFileType = sourcecode.swift; path = "SettingsViewController+UITableView.swift"; sourceTree = "<group>"; };
		3A37695020D1BA920039DA54 /* ManageCategoriesViewController.swift */ = {isa = PBXFileReference; lastKnownFileType = sourcecode.swift; path = ManageCategoriesViewController.swift; sourceTree = "<group>"; };
		3A37695220D1BAD00039DA54 /* ManageCategoriesViewController+UITableView.swift */ = {isa = PBXFileReference; lastKnownFileType = sourcecode.swift; path = "ManageCategoriesViewController+UITableView.swift"; sourceTree = "<group>"; };
		3A392E34207A5A3C005857E5 /* ShoppingList.app */ = {isa = PBXFileReference; explicitFileType = wrapper.application; includeInIndex = 0; path = ShoppingList.app; sourceTree = BUILT_PRODUCTS_DIR; };
		3A392E37207A5A3C005857E5 /* AppDelegate.swift */ = {isa = PBXFileReference; lastKnownFileType = sourcecode.swift; path = AppDelegate.swift; sourceTree = "<group>"; };
		3A392E39207A5A3C005857E5 /* ItemsViewController.swift */ = {isa = PBXFileReference; lastKnownFileType = sourcecode.swift; path = ItemsViewController.swift; sourceTree = "<group>"; };
		3A392E3E207A5A3D005857E5 /* Assets.xcassets */ = {isa = PBXFileReference; lastKnownFileType = folder.assetcatalog; path = Assets.xcassets; sourceTree = "<group>"; };
		3A392E41207A5A3D005857E5 /* Base */ = {isa = PBXFileReference; lastKnownFileType = file.storyboard; name = Base; path = Base.lproj/LaunchScreen.storyboard; sourceTree = "<group>"; };
		3A392E43207A5A3D005857E5 /* Info.plist */ = {isa = PBXFileReference; lastKnownFileType = text.plist.xml; path = Info.plist; sourceTree = "<group>"; };
		3A392E48207A5A3D005857E5 /* ShoppingListTests.xctest */ = {isa = PBXFileReference; explicitFileType = wrapper.cfbundle; includeInIndex = 0; path = ShoppingListTests.xctest; sourceTree = BUILT_PRODUCTS_DIR; };
		3A392E4C207A5A3D005857E5 /* ShoppingListTests.swift */ = {isa = PBXFileReference; lastKnownFileType = sourcecode.swift; path = ShoppingListTests.swift; sourceTree = "<group>"; };
		3A392E4E207A5A3D005857E5 /* Info.plist */ = {isa = PBXFileReference; lastKnownFileType = text.plist.xml; path = Info.plist; sourceTree = "<group>"; };
		3A3B54AE20D05D310039CDCC /* EditItemViewControllerDelegate.swift */ = {isa = PBXFileReference; lastKnownFileType = sourcecode.swift; path = EditItemViewControllerDelegate.swift; sourceTree = "<group>"; };
		3A3B54B020D05F870039CDCC /* ItemsViewController+EditItemViewControllerDelegate.swift */ = {isa = PBXFileReference; lastKnownFileType = sourcecode.swift; path = "ItemsViewController+EditItemViewControllerDelegate.swift"; sourceTree = "<group>"; };
		3A422A4421472CCD00773BD8 /* ItemsTableViewHeaderCell.swift */ = {isa = PBXFileReference; lastKnownFileType = sourcecode.swift; path = ItemsTableViewHeaderCell.swift; sourceTree = "<group>"; };
		3A4E318D2142F8A600BE1DCD /* Command.swift */ = {isa = PBXFileReference; lastKnownFileType = sourcecode.swift; path = Command.swift; sourceTree = "<group>"; };
		3A4E318F2142F8C800BE1DCD /* CommandInvoker.swift */ = {isa = PBXFileReference; lastKnownFileType = sourcecode.swift; path = CommandInvoker.swift; sourceTree = "<group>"; };
		3A4E319721430F0800BE1DCD /* CommandSource.swift */ = {isa = PBXFileReference; lastKnownFileType = sourcecode.swift; path = CommandSource.swift; sourceTree = "<group>"; };
		3A4E319C214322DD00BE1DCD /* ItemsCommand.swift */ = {isa = PBXFileReference; lastKnownFileType = sourcecode.swift; path = ItemsCommand.swift; sourceTree = "<group>"; };
		3A50641620DFEE5300DBB5C4 /* ListsViewController+TextFieldWithCancelDelegate.swift */ = {isa = PBXFileReference; lastKnownFileType = sourcecode.swift; path = "ListsViewController+TextFieldWithCancelDelegate.swift"; sourceTree = "<group>"; };
		3A50641A20E0121000DBB5C4 /* ItemsViewControllerDelegate.swift */ = {isa = PBXFileReference; lastKnownFileType = sourcecode.swift; path = ItemsViewControllerDelegate.swift; sourceTree = "<group>"; };
		3A50641C20E012C400DBB5C4 /* ListsViewController+ItemsViewControllerDelegate.swift */ = {isa = PBXFileReference; lastKnownFileType = sourcecode.swift; path = "ListsViewController+ItemsViewControllerDelegate.swift"; sourceTree = "<group>"; };
		3A54251C20BBD8090095D66A /* BasketToolbar.swift */ = {isa = PBXFileReference; lastKnownFileType = sourcecode.swift; path = BasketToolbar.swift; sourceTree = "<group>"; };
		3A54251E20BBDE7C0095D66A /* BasketViewController+BasketToolbarDelegate.swift */ = {isa = PBXFileReference; lastKnownFileType = sourcecode.swift; path = "BasketViewController+BasketToolbarDelegate.swift"; sourceTree = "<group>"; };
		3A54252020BBE2D10095D66A /* BasketToolbarDelegate.swift */ = {isa = PBXFileReference; lastKnownFileType = sourcecode.swift; path = BasketToolbarDelegate.swift; sourceTree = "<group>"; };
		3A562A0020E40CFF0030732D /* EditListAlertBuilder.swift */ = {isa = PBXFileReference; lastKnownFileType = sourcecode.swift; path = EditListAlertBuilder.swift; sourceTree = "<group>"; };
		3A562A0220E430CE0030732D /* ListEntityExtensions.swift */ = {isa = PBXFileReference; lastKnownFileType = sourcecode.swift; path = ListEntityExtensions.swift; sourceTree = "<group>"; };
		3A56DE91212CB1BF00F269F3 /* ValidationButtonRule.swift */ = {isa = PBXFileReference; lastKnownFileType = sourcecode.swift; path = ValidationButtonRule.swift; sourceTree = "<group>"; };
		3A6752592132B18D008CD3E4 /* ButtonWithHighlight.swift */ = {isa = PBXFileReference; lastKnownFileType = sourcecode.swift; path = ButtonWithHighlight.swift; sourceTree = "<group>"; };
		3A67525E2132C0F7008CD3E4 /* TextFieldWithWarningDelegate.swift */ = {isa = PBXFileReference; lastKnownFileType = sourcecode.swift; path = TextFieldWithWarningDelegate.swift; sourceTree = "<group>"; };
		3A69E40D20B9ECE7004D122E /* CoreDataRepository.swift */ = {isa = PBXFileReference; lastKnownFileType = sourcecode.swift; path = CoreDataRepository.swift; sourceTree = "<group>"; };
		3A69E41120B9EFD0004D122E /* Repository.swift */ = {isa = PBXFileReference; lastKnownFileType = sourcecode.swift; path = Repository.swift; sourceTree = "<group>"; };
		3A69E41320B9F158004D122E /* RepositoryProtocol.swift */ = {isa = PBXFileReference; lastKnownFileType = sourcecode.swift; path = RepositoryProtocol.swift; sourceTree = "<group>"; };
		3A69E41620BA01AF004D122E /* ShoppingList.xcdatamodel */ = {isa = PBXFileReference; lastKnownFileType = wrapper.xcdatamodel; path = ShoppingList.xcdatamodel; sourceTree = "<group>"; };
		3A69E41C20BA1C37004D122E /* ItemEntityExtensions.swift */ = {isa = PBXFileReference; lastKnownFileType = sourcecode.swift; path = ItemEntityExtensions.swift; sourceTree = "<group>"; };
		3A818D54214B00E3005BEC5F /* RemoveCategoryCommand.swift */ = {isa = PBXFileReference; lastKnownFileType = sourcecode.swift; path = RemoveCategoryCommand.swift; sourceTree = "<group>"; };
		3A818D56214B08F6005BEC5F /* AddItemsBackToListCommand.swift */ = {isa = PBXFileReference; lastKnownFileType = sourcecode.swift; path = AddItemsBackToListCommand.swift; sourceTree = "<group>"; };
		3A818D58214B0C1E005BEC5F /* RemoveItemsFromBasketCommand.swift */ = {isa = PBXFileReference; lastKnownFileType = sourcecode.swift; path = RemoveItemsFromBasketCommand.swift; sourceTree = "<group>"; };
		3A82DC4D207D5296006B3885 /* Item.swift */ = {isa = PBXFileReference; lastKnownFileType = sourcecode.swift; path = Item.swift; sourceTree = "<group>"; };
		3A82DC4F207D52BC006B3885 /* ItemState.swift */ = {isa = PBXFileReference; lastKnownFileType = sourcecode.swift; path = ItemState.swift; sourceTree = "<group>"; };
		3A82DC52207D6616006B3885 /* UITableViewExtensions.swift */ = {isa = PBXFileReference; lastKnownFileType = sourcecode.swift; path = UITableViewExtensions.swift; sourceTree = "<group>"; };
		3A82DC55207D7539006B3885 /* BasketViewController.swift */ = {isa = PBXFileReference; lastKnownFileType = sourcecode.swift; path = BasketViewController.swift; sourceTree = "<group>"; };
		3A8B0B8C2152F400008E184F /* RemoveItemsFromListCommand.swift */ = {isa = PBXFileReference; lastKnownFileType = sourcecode.swift; path = RemoveItemsFromListCommand.swift; sourceTree = "<group>"; };
		3A8BC19720C7024100B2F357 /* ItemsOrder.swift */ = {isa = PBXFileReference; lastKnownFileType = sourcecode.swift; path = ItemsOrder.swift; sourceTree = "<group>"; };
		3A8BC19920C72C3300B2F357 /* ItemsOrdersEntityExtensions.swift */ = {isa = PBXFileReference; lastKnownFileType = sourcecode.swift; path = ItemsOrdersEntityExtensions.swift; sourceTree = "<group>"; };
		3A8F1A282107CE1900F27A1E /* ListActionsAlertBuilder.swift */ = {isa = PBXFileReference; lastKnownFileType = sourcecode.swift; path = ListActionsAlertBuilder.swift; sourceTree = "<group>"; };
		3A8F1A2A2107D7B700F27A1E /* ListsActionsAlertDelegate.swift */ = {isa = PBXFileReference; lastKnownFileType = sourcecode.swift; path = ListsActionsAlertDelegate.swift; sourceTree = "<group>"; };
		3A8F1A2C2107D82B00F27A1E /* ListsViewController+ListsActionsAlertDelegate.swift */ = {isa = PBXFileReference; lastKnownFileType = sourcecode.swift; path = "ListsViewController+ListsActionsAlertDelegate.swift"; sourceTree = "<group>"; };
		3A92DFDA2149BA7B009EA5B7 /* RemoveListCommand.swift */ = {isa = PBXFileReference; lastKnownFileType = sourcecode.swift; path = RemoveListCommand.swift; sourceTree = "<group>"; };
		3A972EBE207A877D00963961 /* UIViewExtensions.swift */ = {isa = PBXFileReference; lastKnownFileType = sourcecode.swift; path = UIViewExtensions.swift; sourceTree = "<group>"; };
		3A972EC1207A8A1000963961 /* CancelButtonAnimations.swift */ = {isa = PBXFileReference; lastKnownFileType = sourcecode.swift; path = CancelButtonAnimations.swift; sourceTree = "<group>"; };
		3A972EC3207A97B300963961 /* ItemsTableViewCell.swift */ = {isa = PBXFileReference; lastKnownFileType = sourcecode.swift; path = ItemsTableViewCell.swift; sourceTree = "<group>"; };
		3A992240212E042800A6A2F9 /* PopupWithTextFieldController.swift */ = {isa = PBXFileReference; lastKnownFileType = sourcecode.swift; path = PopupWithTextFieldController.swift; sourceTree = "<group>"; };
		3A9EAF41209BBA4900B4A39D /* Category.swift */ = {isa = PBXFileReference; lastKnownFileType = sourcecode.swift; path = Category.swift; sourceTree = "<group>"; };
		3A9EAF43209BBF5300B4A39D /* InMemoryRepository.swift */ = {isa = PBXFileReference; lastKnownFileType = sourcecode.swift; path = InMemoryRepository.swift; sourceTree = "<group>"; };
		3AAC84F8211235EE00FF3B9E /* EditItemViewController+UIGestureRecognizerDelegate.swift */ = {isa = PBXFileReference; lastKnownFileType = sourcecode.swift; path = "EditItemViewController+UIGestureRecognizerDelegate.swift"; sourceTree = "<group>"; };
		3AAC84FA2112390F00FF3B9E /* ShoppingList 0.2.xcdatamodel */ = {isa = PBXFileReference; lastKnownFileType = wrapper.xcdatamodel; path = "ShoppingList 0.2.xcdatamodel"; sourceTree = "<group>"; };
		3AB80FD42110FCE7002DDC4C /* InfoForEditItem.swift */ = {isa = PBXFileReference; lastKnownFileType = sourcecode.swift; path = InfoForEditItem.swift; sourceTree = "<group>"; };
		3AB80FD62110FD49002DDC4C /* InfoForEditItem+UITextFieldDelegate.swift */ = {isa = PBXFileReference; lastKnownFileType = sourcecode.swift; path = "InfoForEditItem+UITextFieldDelegate.swift"; sourceTree = "<group>"; };
		3AB80FD82110FD70002DDC4C /* InfoForEditItemDelegate.swift */ = {isa = PBXFileReference; lastKnownFileType = sourcecode.swift; path = InfoForEditItemDelegate.swift; sourceTree = "<group>"; };
		3ABFD99020CD9B5E00D0C258 /* CategoriesForEditItem+UIPickerView.swift */ = {isa = PBXFileReference; lastKnownFileType = sourcecode.swift; path = "CategoriesForEditItem+UIPickerView.swift"; sourceTree = "<group>"; };
		3AC6211C20C0542A00A16F0E /* TextFieldWithCancel.swift */ = {isa = PBXFileReference; lastKnownFileType = sourcecode.swift; path = TextFieldWithCancel.swift; sourceTree = "<group>"; };
		3AC6211E20C0570100A16F0E /* ItemsViewController+TextFieldWithCancelDelegate.swift */ = {isa = PBXFileReference; lastKnownFileType = sourcecode.swift; path = "ItemsViewController+TextFieldWithCancelDelegate.swift"; sourceTree = "<group>"; };
		3AC6212020C0575900A16F0E /* TextFieldWithCancelDelegate.swift */ = {isa = PBXFileReference; lastKnownFileType = sourcecode.swift; path = TextFieldWithCancelDelegate.swift; sourceTree = "<group>"; };
		3AC68B9220E2CF7F000F0487 /* BottomShadowAnimations.swift */ = {isa = PBXFileReference; lastKnownFileType = sourcecode.swift; path = BottomShadowAnimations.swift; sourceTree = "<group>"; };
		3AC68B9520E2DF2A000F0487 /* DeleteListAlertBuilder.swift */ = {isa = PBXFileReference; lastKnownFileType = sourcecode.swift; path = DeleteListAlertBuilder.swift; sourceTree = "<group>"; };
		3ACC283A20C8699300F31AB6 /* ItemsSorter.swift */ = {isa = PBXFileReference; lastKnownFileType = sourcecode.swift; path = ItemsSorter.swift; sourceTree = "<group>"; };
		3AD1EFFD20D45B700066FBF7 /* WarningAlertBuilder.swift */ = {isa = PBXFileReference; lastKnownFileType = sourcecode.swift; path = WarningAlertBuilder.swift; sourceTree = "<group>"; };
		3AD1EFFF20D461650066FBF7 /* DeleteCategoryAlertBuilder.swift */ = {isa = PBXFileReference; lastKnownFileType = sourcecode.swift; path = DeleteCategoryAlertBuilder.swift; sourceTree = "<group>"; };
		3AD1F00420D46C8E0066FBF7 /* EditContextualActionBuilder.swift */ = {isa = PBXFileReference; lastKnownFileType = sourcecode.swift; path = EditContextualActionBuilder.swift; sourceTree = "<group>"; };
		3AD1F00620D476A20066FBF7 /* DeleteContextualActionBuilder.swift */ = {isa = PBXFileReference; lastKnownFileType = sourcecode.swift; path = DeleteContextualActionBuilder.swift; sourceTree = "<group>"; };
		3ADFCD2520E91AF800E49C17 /* ItemNameForEditItem.swift */ = {isa = PBXFileReference; lastKnownFileType = sourcecode.swift; path = ItemNameForEditItem.swift; sourceTree = "<group>"; };
		3ADFCD2A20E928C700E49C17 /* ItemNameForEditItemDelegate.swift */ = {isa = PBXFileReference; lastKnownFileType = sourcecode.swift; path = ItemNameForEditItemDelegate.swift; sourceTree = "<group>"; };
		3ADFCD2F20E9295C00E49C17 /* CategoriesForEditItem.swift */ = {isa = PBXFileReference; lastKnownFileType = sourcecode.swift; path = CategoriesForEditItem.swift; sourceTree = "<group>"; };
		3ADFCD3620E93EC500E49C17 /* EditItemViewController+CategoriesForEditItemDelegate.swift */ = {isa = PBXFileReference; lastKnownFileType = sourcecode.swift; path = "EditItemViewController+CategoriesForEditItemDelegate.swift"; sourceTree = "<group>"; };
		3ADFCD3820E9441900E49C17 /* CategoriesForEditItemDelegate.swift */ = {isa = PBXFileReference; lastKnownFileType = sourcecode.swift; path = CategoriesForEditItemDelegate.swift; sourceTree = "<group>"; };
		3ADFCD3A20E947D500E49C17 /* AddCategoryPopupForEditItem.swift */ = {isa = PBXFileReference; lastKnownFileType = sourcecode.swift; path = AddCategoryPopupForEditItem.swift; sourceTree = "<group>"; };
		3ADFCD3C20E9503E00E49C17 /* ListsForEditItem.swift */ = {isa = PBXFileReference; lastKnownFileType = sourcecode.swift; path = ListsForEditItem.swift; sourceTree = "<group>"; };
		3ADFCD3E20E9523900E49C17 /* ListsForEditItem+UIPickerView.swift */ = {isa = PBXFileReference; lastKnownFileType = sourcecode.swift; path = "ListsForEditItem+UIPickerView.swift"; sourceTree = "<group>"; };
		3ADFCD4020E95D0900E49C17 /* ListsForEditItemDelegate.swift */ = {isa = PBXFileReference; lastKnownFileType = sourcecode.swift; path = ListsForEditItemDelegate.swift; sourceTree = "<group>"; };
		3ADFCD4220E95DAF00E49C17 /* EditItemViewController+ListsForEditItemDelegate.swift */ = {isa = PBXFileReference; lastKnownFileType = sourcecode.swift; path = "EditItemViewController+ListsForEditItemDelegate.swift"; sourceTree = "<group>"; };
		3ADFCD4420E964F200E49C17 /* AddListPopupForEditItem.swift */ = {isa = PBXFileReference; lastKnownFileType = sourcecode.swift; path = AddListPopupForEditItem.swift; sourceTree = "<group>"; };
		3AE3AF712129EB8B00D105FE /* TextFieldWithWarning.swift */ = {isa = PBXFileReference; lastKnownFileType = sourcecode.swift; path = TextFieldWithWarning.swift; sourceTree = "<group>"; };
		3AE3AF73212A07D800D105FE /* ButtonValidatable.swift */ = {isa = PBXFileReference; lastKnownFileType = sourcecode.swift; path = ButtonValidatable.swift; sourceTree = "<group>"; };
		3AE81921214EE716009E962F /* BasketCommand.swift */ = {isa = PBXFileReference; fileEncoding = 4; lastKnownFileType = sourcecode.swift; path = BasketCommand.swift; sourceTree = "<group>"; };
		3AE81923214F0100009E962F /* AddItemsToBasketCommand.swift */ = {isa = PBXFileReference; lastKnownFileType = sourcecode.swift; path = AddItemsToBasketCommand.swift; sourceTree = "<group>"; };
		3AEDFEEF20BC9F460002B6F7 /* ItemsViewController+ItemsToolbarDelegate.swift */ = {isa = PBXFileReference; lastKnownFileType = sourcecode.swift; path = "ItemsViewController+ItemsToolbarDelegate.swift"; sourceTree = "<group>"; };
		3AEDFEF120BC9F980002B6F7 /* ItemsToolbar.swift */ = {isa = PBXFileReference; lastKnownFileType = sourcecode.swift; path = ItemsToolbar.swift; sourceTree = "<group>"; };
		3AEDFEF320BC9FE30002B6F7 /* ItemsToolbarDelegate.swift */ = {isa = PBXFileReference; lastKnownFileType = sourcecode.swift; path = ItemsToolbarDelegate.swift; sourceTree = "<group>"; };
		3AF04E9820D2FA6000938F13 /* ManageCategoriesTableViewCell.swift */ = {isa = PBXFileReference; lastKnownFileType = sourcecode.swift; path = ManageCategoriesTableViewCell.swift; sourceTree = "<group>"; };
		3AFAEF1020DD88DE00E58C00 /* List.swift */ = {isa = PBXFileReference; lastKnownFileType = sourcecode.swift; path = List.swift; sourceTree = "<group>"; };
		3AFAEF1320DD8A1F00E58C00 /* ListsViewController.swift */ = {isa = PBXFileReference; lastKnownFileType = sourcecode.swift; path = ListsViewController.swift; sourceTree = "<group>"; };
		3AFAEF1720DD946E00E58C00 /* ListsViewController+UITableView.swift */ = {isa = PBXFileReference; lastKnownFileType = sourcecode.swift; path = "ListsViewController+UITableView.swift"; sourceTree = "<group>"; };
		3AFAEF1B20DDA05500E58C00 /* ListsTableViewCell.swift */ = {isa = PBXFileReference; lastKnownFileType = sourcecode.swift; path = ListsTableViewCell.swift; sourceTree = "<group>"; };
		3AFAEF1D20DDA78D00E58C00 /* ListAccessType.swift */ = {isa = PBXFileReference; lastKnownFileType = sourcecode.swift; path = ListAccessType.swift; sourceTree = "<group>"; };
		3AFBF9692128DDC500FEAB55 /* ValidationButtonAnimations.swift */ = {isa = PBXFileReference; lastKnownFileType = sourcecode.swift; path = ValidationButtonAnimations.swift; sourceTree = "<group>"; };
		65FD02EE20E74D6FFBCB7B47 /* Pods-ShoppingListTests.release.xcconfig */ = {isa = PBXFileReference; includeInIndex = 1; lastKnownFileType = text.xcconfig; name = "Pods-ShoppingListTests.release.xcconfig"; path = "Pods/Target Support Files/Pods-ShoppingListTests/Pods-ShoppingListTests.release.xcconfig"; sourceTree = "<group>"; };
		BDE64E5E42B865B8309C895D /* Pods-ShoppingList.debug.xcconfig */ = {isa = PBXFileReference; includeInIndex = 1; lastKnownFileType = text.xcconfig; name = "Pods-ShoppingList.debug.xcconfig"; path = "Pods/Target Support Files/Pods-ShoppingList/Pods-ShoppingList.debug.xcconfig"; sourceTree = "<group>"; };
		D08A02D339E985ADB26259F4 /* Pods_ShoppingListTests.framework */ = {isa = PBXFileReference; explicitFileType = wrapper.framework; includeInIndex = 0; path = Pods_ShoppingListTests.framework; sourceTree = BUILT_PRODUCTS_DIR; };
		D1A0B863F8DE71CF32C372D1 /* Pods-ShoppingListTests.debug.xcconfig */ = {isa = PBXFileReference; includeInIndex = 1; lastKnownFileType = text.xcconfig; name = "Pods-ShoppingListTests.debug.xcconfig"; path = "Pods/Target Support Files/Pods-ShoppingListTests/Pods-ShoppingListTests.debug.xcconfig"; sourceTree = "<group>"; };
		E52E21F2A86FCBBDF678C96E /* Pods-ShoppingList.release.xcconfig */ = {isa = PBXFileReference; includeInIndex = 1; lastKnownFileType = text.xcconfig; name = "Pods-ShoppingList.release.xcconfig"; path = "Pods/Target Support Files/Pods-ShoppingList/Pods-ShoppingList.release.xcconfig"; sourceTree = "<group>"; };
/* End PBXFileReference section */

/* Begin PBXFrameworksBuildPhase section */
		3A392E31207A5A3C005857E5 /* Frameworks */ = {
			isa = PBXFrameworksBuildPhase;
			buildActionMask = 2147483647;
			files = (
				F467B00E34EF72F27407A067 /* Pods_ShoppingList.framework in Frameworks */,
			);
			runOnlyForDeploymentPostprocessing = 0;
		};
		3A392E45207A5A3D005857E5 /* Frameworks */ = {
			isa = PBXFrameworksBuildPhase;
			buildActionMask = 2147483647;
			files = (
				E5E415EADA71430253D04582 /* Pods_ShoppingListTests.framework in Frameworks */,
			);
			runOnlyForDeploymentPostprocessing = 0;
		};
/* End PBXFrameworksBuildPhase section */

/* Begin PBXGroup section */
		2C3C88D204B53B68FA2D13E4 /* Frameworks */ = {
			isa = PBXGroup;
			children = (
				2F89A6B77104F16996628384 /* Pods_ShoppingList.framework */,
				D08A02D339E985ADB26259F4 /* Pods_ShoppingListTests.framework */,
			);
			name = Frameworks;
			sourceTree = "<group>";
		};
		3A0BD19020BB67DD00F15DB9 /* BasketToolbar */ = {
			isa = PBXGroup;
			children = (
				3A54251C20BBD8090095D66A /* BasketToolbar.swift */,
				3A54252020BBE2D10095D66A /* BasketToolbarDelegate.swift */,
			);
			path = BasketToolbar;
			sourceTree = "<group>";
		};
		3A1BCC1E21446D62001925A9 /* Commands */ = {
			isa = PBXGroup;
			children = (
				3A818D56214B08F6005BEC5F /* AddItemsBackToListCommand.swift */,
				3AE81921214EE716009E962F /* BasketCommand.swift */,
				3A818D58214B0C1E005BEC5F /* RemoveItemsFromBasketCommand.swift */,
			);
			path = Commands;
			sourceTree = "<group>";
		};
		3A37694A20D1B0B10039DA54 /* Settings */ = {
			isa = PBXGroup;
			children = (
				3A37694F20D1BA730039DA54 /* ManageCategories */,
				3A37694B20D1B27D0039DA54 /* SettingsViewController.swift */,
				3A37694D20D1B3780039DA54 /* SettingsViewController+UITableView.swift */,
			);
			path = Settings;
			sourceTree = "<group>";
		};
		3A37694F20D1BA730039DA54 /* ManageCategories */ = {
			isa = PBXGroup;
			children = (
				3A818D53214B00CE005BEC5F /* Commands */,
				3AD1EFFC20D45B360066FBF7 /* AlertBuilders */,
				3AD1F00320D46C770066FBF7 /* ContextualActionBuilders */,
				3AF04E9820D2FA6000938F13 /* ManageCategoriesTableViewCell.swift */,
				3A37695020D1BA920039DA54 /* ManageCategoriesViewController.swift */,
				3A043E5E20D6E3470068287B /* ManageCategoriesViewController+TextFieldWithCancelDelegate.swift */,
				3A37695220D1BAD00039DA54 /* ManageCategoriesViewController+UITableView.swift */,
			);
			path = ManageCategories;
			sourceTree = "<group>";
		};
		3A392E2B207A5A3C005857E5 = {
			isa = PBXGroup;
			children = (
				3A392E36207A5A3C005857E5 /* ShoppingList */,
				3A392E4B207A5A3D005857E5 /* ShoppingListTests */,
				3A392E35207A5A3C005857E5 /* Products */,
				81E50F8A70048237A2F2BD63 /* Pods */,
				2C3C88D204B53B68FA2D13E4 /* Frameworks */,
			);
			sourceTree = "<group>";
		};
		3A392E35207A5A3C005857E5 /* Products */ = {
			isa = PBXGroup;
			children = (
				3A392E34207A5A3C005857E5 /* ShoppingList.app */,
				3A392E48207A5A3D005857E5 /* ShoppingListTests.xctest */,
			);
			name = Products;
			sourceTree = "<group>";
		};
		3A392E36207A5A3C005857E5 /* ShoppingList */ = {
			isa = PBXGroup;
			children = (
				3A4E318C2142F88D00BE1DCD /* Commands */,
				3ADE39CC20CF0D41007806B1 /* Controls */,
				3A972EBD207A877000963961 /* Extensions */,
				3A972EB8207A5D3E00963961 /* Features */,
				3ACC283C20C869DD00F31AB6 /* Helpers */,
				3A82DC51207D52D8006B3885 /* Model */,
				3A69E40C20B9ECB0004D122E /* Persistence */,
				3A392E37207A5A3C005857E5 /* AppDelegate.swift */,
				3A392E3E207A5A3D005857E5 /* Assets.xcassets */,
				3A392E43207A5A3D005857E5 /* Info.plist */,
				3A392E40207A5A3D005857E5 /* LaunchScreen.storyboard */,
			);
			path = ShoppingList;
			sourceTree = "<group>";
		};
		3A392E4B207A5A3D005857E5 /* ShoppingListTests */ = {
			isa = PBXGroup;
			children = (
				3A392E4C207A5A3D005857E5 /* ShoppingListTests.swift */,
				3A392E4E207A5A3D005857E5 /* Info.plist */,
			);
			path = ShoppingListTests;
			sourceTree = "<group>";
		};
		3A4E318C2142F88D00BE1DCD /* Commands */ = {
			isa = PBXGroup;
			children = (
				3A4E318D2142F8A600BE1DCD /* Command.swift */,
				3A4E318F2142F8C800BE1DCD /* CommandInvoker.swift */,
				3A4E319721430F0800BE1DCD /* CommandSource.swift */,
			);
			path = Commands;
			sourceTree = "<group>";
		};
		3A4E31992143167200BE1DCD /* Commands */ = {
			isa = PBXGroup;
			children = (
				3AE81923214F0100009E962F /* AddItemsToBasketCommand.swift */,
				3A4E319C214322DD00BE1DCD /* ItemsCommand.swift */,
				3A8B0B8C2152F400008E184F /* RemoveItemsFromListCommand.swift */,
			);
			path = Commands;
			sourceTree = "<group>";
		};
		3A603F3A212B8152002D0640 /* ValidationButton */ = {
			isa = PBXGroup;
			children = (
				3AE3AF73212A07D800D105FE /* ButtonValidatable.swift */,
				3AFBF9692128DDC500FEAB55 /* ValidationButtonAnimations.swift */,
				3A56DE91212CB1BF00F269F3 /* ValidationButtonRule.swift */,
			);
			path = ValidationButton;
			sourceTree = "<group>";
		};
		3A67525D2132C0D6008CD3E4 /* TextFieldWithWarning */ = {
			isa = PBXGroup;
			children = (
				3AE3AF712129EB8B00D105FE /* TextFieldWithWarning.swift */,
				3A67525E2132C0F7008CD3E4 /* TextFieldWithWarningDelegate.swift */,
			);
			path = TextFieldWithWarning;
			sourceTree = "<group>";
		};
		3A69E40C20B9ECB0004D122E /* Persistence */ = {
			isa = PBXGroup;
			children = (
				3A69E41820BA01BC004D122E /* CoreData */,
				3A9EAF43209BBF5300B4A39D /* InMemoryRepository.swift */,
				3A69E41120B9EFD0004D122E /* Repository.swift */,
				3A69E41320B9F158004D122E /* RepositoryProtocol.swift */,
			);
			path = Persistence;
			sourceTree = "<group>";
		};
		3A69E41820BA01BC004D122E /* CoreData */ = {
			isa = PBXGroup;
			children = (
				3A69E41B20BA1C26004D122E /* Extensions */,
				3A69E40D20B9ECE7004D122E /* CoreDataRepository.swift */,
				3A69E41520BA01AF004D122E /* ShoppingList.xcdatamodeld */,
			);
			path = CoreData;
			sourceTree = "<group>";
		};
		3A69E41B20BA1C26004D122E /* Extensions */ = {
			isa = PBXGroup;
			children = (
				3A31380120D85ADF00635266 /* CategoryEntityExtensions.swift */,
				3A69E41C20BA1C37004D122E /* ItemEntityExtensions.swift */,
				3A8BC19920C72C3300B2F357 /* ItemsOrdersEntityExtensions.swift */,
				3A562A0220E430CE0030732D /* ListEntityExtensions.swift */,
			);
			path = Extensions;
			sourceTree = "<group>";
		};
		3A818D53214B00CE005BEC5F /* Commands */ = {
			isa = PBXGroup;
			children = (
				3A818D54214B00E3005BEC5F /* RemoveCategoryCommand.swift */,
			);
			path = Commands;
			sourceTree = "<group>";
		};
		3A82DC51207D52D8006B3885 /* Model */ = {
			isa = PBXGroup;
			children = (
				3A9EAF41209BBA4900B4A39D /* Category.swift */,
				3A82DC4D207D5296006B3885 /* Item.swift */,
				3A8BC19720C7024100B2F357 /* ItemsOrder.swift */,
				3A82DC4F207D52BC006B3885 /* ItemState.swift */,
				3AFAEF1020DD88DE00E58C00 /* List.swift */,
				3AFAEF1D20DDA78D00E58C00 /* ListAccessType.swift */,
			);
			path = Model;
			sourceTree = "<group>";
		};
		3A82DC54207D7524006B3885 /* Basket */ = {
			isa = PBXGroup;
			children = (
				3A0BD19020BB67DD00F15DB9 /* BasketToolbar */,
				3A1BCC1E21446D62001925A9 /* Commands */,
				3A13566C207E94D8006A7414 /* BasketTableViewCell.swift */,
				3A2001302097D4D00015111F /* BasketVewController+UITableView.swift */,
				3A82DC55207D7539006B3885 /* BasketViewController.swift */,
				3A54251E20BBDE7C0095D66A /* BasketViewController+BasketToolbarDelegate.swift */,
				3A2001322097D5250015111F /* BasketViewController+RemoveFromBasket.swift */,
				3A135670207E993D006A7414 /* RemoveFromBasketDelegate.swift */,
			);
			path = Basket;
			sourceTree = "<group>";
		};
		3A92DFD92149B970009EA5B7 /* Commands */ = {
			isa = PBXGroup;
			children = (
				3A92DFDA2149BA7B009EA5B7 /* RemoveListCommand.swift */,
			);
			path = Commands;
			sourceTree = "<group>";
		};
		3A972EB8207A5D3E00963961 /* Features */ = {
			isa = PBXGroup;
			children = (
				3A82DC54207D7524006B3885 /* Basket */,
				3A9A31C520CD876800C99D26 /* EditItem */,
				3A972EB9207A5D7300963961 /* Items */,
				3AFAEF1220DD8A0600E58C00 /* Lists */,
				3A37694A20D1B0B10039DA54 /* Settings */,
			);
			path = Features;
			sourceTree = "<group>";
		};
		3A972EB9207A5D7300963961 /* Items */ = {
			isa = PBXGroup;
			children = (
				3A4E31992143167200BE1DCD /* Commands */,
				3AEDFEE820BC9D370002B6F7 /* ItemsToolbar */,
				3A13566E207E9910006A7414 /* AddToBasketDelegate.swift */,
				3A972EC3207A97B300963961 /* ItemsTableViewCell.swift */,
				3A422A4421472CCD00773BD8 /* ItemsTableViewHeaderCell.swift */,
				3A392E39207A5A3C005857E5 /* ItemsViewController.swift */,
				3A20012C2097CE6F0015111F /* ItemsViewController+AddToBasketDelegate.swift */,
				3A3B54B020D05F870039CDCC /* ItemsViewController+EditItemViewControllerDelegate.swift */,
				3AEDFEEF20BC9F460002B6F7 /* ItemsViewController+ItemsToolbarDelegate.swift */,
				3AC6211E20C0570100A16F0E /* ItemsViewController+TextFieldWithCancelDelegate.swift */,
				3A20012A2097CBBE0015111F /* ItemsViewController+UITableView.swift */,
				3A50641A20E0121000DBB5C4 /* ItemsViewControllerDelegate.swift */,
			);
			path = Items;
			sourceTree = "<group>";
		};
		3A972EBD207A877000963961 /* Extensions */ = {
			isa = PBXGroup;
			children = (
				3A043E6020D6FC400068287B /* CollectionExtensions.swift */,
				3A135672207E9AF3006A7414 /* UIButtonExtensions.swift */,
				3A82DC52207D6616006B3885 /* UITableViewExtensions.swift */,
				3A972EBE207A877D00963961 /* UIViewExtensions.swift */,
			);
			path = Extensions;
			sourceTree = "<group>";
		};
		3A9A31C520CD876800C99D26 /* EditItem */ = {
			isa = PBXGroup;
			children = (
				3ADFCD2420E91AC200E49C17 /* Controls */,
				3A03324D20C9BD56007C7B46 /* EditItemViewController.swift */,
				3ADFCD3620E93EC500E49C17 /* EditItemViewController+CategoriesForEditItemDelegate.swift */,
				3ADFCD4220E95DAF00E49C17 /* EditItemViewController+ListsForEditItemDelegate.swift */,
				3AAC84F8211235EE00FF3B9E /* EditItemViewController+UIGestureRecognizerDelegate.swift */,
				3A3B54AE20D05D310039CDCC /* EditItemViewControllerDelegate.swift */,
			);
			path = EditItem;
			sourceTree = "<group>";
		};
		3AB80FD32110FCBA002DDC4C /* InfoForEditItem */ = {
			isa = PBXGroup;
			children = (
				3AB80FD42110FCE7002DDC4C /* InfoForEditItem.swift */,
				3AB80FD62110FD49002DDC4C /* InfoForEditItem+UITextFieldDelegate.swift */,
				3AB80FD82110FD70002DDC4C /* InfoForEditItemDelegate.swift */,
			);
			path = InfoForEditItem;
			sourceTree = "<group>";
		};
		3AC6211B20C0541600A16F0E /* TextFieldWithCancel */ = {
			isa = PBXGroup;
			children = (
				3AC68B9220E2CF7F000F0487 /* BottomShadowAnimations.swift */,
				3A972EC1207A8A1000963961 /* CancelButtonAnimations.swift */,
				3AC6211C20C0542A00A16F0E /* TextFieldWithCancel.swift */,
				3AC6212020C0575900A16F0E /* TextFieldWithCancelDelegate.swift */,
			);
			path = TextFieldWithCancel;
			sourceTree = "<group>";
		};
		3AC68B9420E2DF0F000F0487 /* AlertBuilders */ = {
			isa = PBXGroup;
			children = (
				3AC68B9520E2DF2A000F0487 /* DeleteListAlertBuilder.swift */,
				3A562A0020E40CFF0030732D /* EditListAlertBuilder.swift */,
				3A8F1A282107CE1900F27A1E /* ListActionsAlertBuilder.swift */,
				3A8F1A2A2107D7B700F27A1E /* ListsActionsAlertDelegate.swift */,
			);
			path = AlertBuilders;
			sourceTree = "<group>";
		};
		3ACC283C20C869DD00F31AB6 /* Helpers */ = {
			isa = PBXGroup;
			children = (
				3ACC283A20C8699300F31AB6 /* ItemsSorter.swift */,
				3A193C8721335F9E00EF6288 /* ListNameGenerator.swift */,
			);
			path = Helpers;
			sourceTree = "<group>";
		};
		3AD1EFFC20D45B360066FBF7 /* AlertBuilders */ = {
			isa = PBXGroup;
			children = (
				3AD1EFFF20D461650066FBF7 /* DeleteCategoryAlertBuilder.swift */,
				3AD1EFFD20D45B700066FBF7 /* WarningAlertBuilder.swift */,
			);
			path = AlertBuilders;
			sourceTree = "<group>";
		};
		3AD1F00320D46C770066FBF7 /* ContextualActionBuilders */ = {
			isa = PBXGroup;
			children = (
				3AD1F00420D46C8E0066FBF7 /* EditContextualActionBuilder.swift */,
				3AD1F00620D476A20066FBF7 /* DeleteContextualActionBuilder.swift */,
			);
			path = ContextualActionBuilders;
			sourceTree = "<group>";
		};
		3ADE39CC20CF0D41007806B1 /* Controls */ = {
			isa = PBXGroup;
			children = (
				3AC6211B20C0541600A16F0E /* TextFieldWithCancel */,
				3A67525D2132C0D6008CD3E4 /* TextFieldWithWarning */,
				3A603F3A212B8152002D0640 /* ValidationButton */,
				3A6752592132B18D008CD3E4 /* ButtonWithHighlight.swift */,
				3A992240212E042800A6A2F9 /* PopupWithTextFieldController.swift */,
			);
			path = Controls;
			sourceTree = "<group>";
		};
		3ADFCD2420E91AC200E49C17 /* Controls */ = {
			isa = PBXGroup;
			children = (
				3ADFCD2E20E9294300E49C17 /* CategoriesForEditItem */,
				3AB80FD32110FCBA002DDC4C /* InfoForEditItem */,
				3ADFCD2920E928B200E49C17 /* ItemNameForEditItem */,
				3ADFCD3520E93B3000E49C17 /* ListsForEditItem */,
			);
			path = Controls;
			sourceTree = "<group>";
		};
		3ADFCD2920E928B200E49C17 /* ItemNameForEditItem */ = {
			isa = PBXGroup;
			children = (
				3ADFCD2520E91AF800E49C17 /* ItemNameForEditItem.swift */,
				3ADFCD2A20E928C700E49C17 /* ItemNameForEditItemDelegate.swift */,
			);
			path = ItemNameForEditItem;
			sourceTree = "<group>";
		};
		3ADFCD2E20E9294300E49C17 /* CategoriesForEditItem */ = {
			isa = PBXGroup;
			children = (
				3ADFCD3A20E947D500E49C17 /* AddCategoryPopupForEditItem.swift */,
				3ADFCD2F20E9295C00E49C17 /* CategoriesForEditItem.swift */,
				3ABFD99020CD9B5E00D0C258 /* CategoriesForEditItem+UIPickerView.swift */,
				3ADFCD3820E9441900E49C17 /* CategoriesForEditItemDelegate.swift */,
			);
			path = CategoriesForEditItem;
			sourceTree = "<group>";
		};
		3ADFCD3520E93B3000E49C17 /* ListsForEditItem */ = {
			isa = PBXGroup;
			children = (
				3ADFCD4420E964F200E49C17 /* AddListPopupForEditItem.swift */,
				3ADFCD3C20E9503E00E49C17 /* ListsForEditItem.swift */,
				3ADFCD3E20E9523900E49C17 /* ListsForEditItem+UIPickerView.swift */,
				3ADFCD4020E95D0900E49C17 /* ListsForEditItemDelegate.swift */,
			);
			path = ListsForEditItem;
			sourceTree = "<group>";
		};
		3AEDFEE820BC9D370002B6F7 /* ItemsToolbar */ = {
			isa = PBXGroup;
			children = (
				3AEDFEF120BC9F980002B6F7 /* ItemsToolbar.swift */,
				3AEDFEF320BC9FE30002B6F7 /* ItemsToolbarDelegate.swift */,
			);
			path = ItemsToolbar;
			sourceTree = "<group>";
		};
		3AFAEF1220DD8A0600E58C00 /* Lists */ = {
			isa = PBXGroup;
			children = (
				3A92DFD92149B970009EA5B7 /* Commands */,
				3AC68B9420E2DF0F000F0487 /* AlertBuilders */,
				3AFAEF1B20DDA05500E58C00 /* ListsTableViewCell.swift */,
				3AFAEF1320DD8A1F00E58C00 /* ListsViewController.swift */,
				3A50641C20E012C400DBB5C4 /* ListsViewController+ItemsViewControllerDelegate.swift */,
				3A8F1A2C2107D82B00F27A1E /* ListsViewController+ListsActionsAlertDelegate.swift */,
				3A50641620DFEE5300DBB5C4 /* ListsViewController+TextFieldWithCancelDelegate.swift */,
				3AFAEF1720DD946E00E58C00 /* ListsViewController+UITableView.swift */,
			);
			path = Lists;
			sourceTree = "<group>";
		};
		81E50F8A70048237A2F2BD63 /* Pods */ = {
			isa = PBXGroup;
			children = (
				BDE64E5E42B865B8309C895D /* Pods-ShoppingList.debug.xcconfig */,
				E52E21F2A86FCBBDF678C96E /* Pods-ShoppingList.release.xcconfig */,
				D1A0B863F8DE71CF32C372D1 /* Pods-ShoppingListTests.debug.xcconfig */,
				65FD02EE20E74D6FFBCB7B47 /* Pods-ShoppingListTests.release.xcconfig */,
			);
			name = Pods;
			sourceTree = "<group>";
		};
/* End PBXGroup section */

/* Begin PBXNativeTarget section */
		3A392E33207A5A3C005857E5 /* ShoppingList */ = {
			isa = PBXNativeTarget;
			buildConfigurationList = 3A392E51207A5A3D005857E5 /* Build configuration list for PBXNativeTarget "ShoppingList" */;
			buildPhases = (
				349E24A72B4CD2D0E03F1D58 /* [CP] Check Pods Manifest.lock */,
				3A392E30207A5A3C005857E5 /* Sources */,
				3A392E31207A5A3C005857E5 /* Frameworks */,
				3A392E32207A5A3C005857E5 /* Resources */,
				8C1912A649E1CBD362BB6004 /* [CP] Embed Pods Frameworks */,
				28AB0E3AAF02A4BBD7C20914 /* [CP] Copy Pods Resources */,
			);
			buildRules = (
			);
			dependencies = (
			);
			name = ShoppingList;
			productName = ShoppingList;
			productReference = 3A392E34207A5A3C005857E5 /* ShoppingList.app */;
			productType = "com.apple.product-type.application";
		};
		3A392E47207A5A3D005857E5 /* ShoppingListTests */ = {
			isa = PBXNativeTarget;
			buildConfigurationList = 3A392E54207A5A3D005857E5 /* Build configuration list for PBXNativeTarget "ShoppingListTests" */;
			buildPhases = (
				60FF8A7976CB187C2F39ADBB /* [CP] Check Pods Manifest.lock */,
				3A392E44207A5A3D005857E5 /* Sources */,
				3A392E45207A5A3D005857E5 /* Frameworks */,
				3A392E46207A5A3D005857E5 /* Resources */,
				565A353FF96E5878925523FA /* [CP] Embed Pods Frameworks */,
				3B86F8D40150B28D9A46A794 /* [CP] Copy Pods Resources */,
			);
			buildRules = (
			);
			dependencies = (
				3A392E4A207A5A3D005857E5 /* PBXTargetDependency */,
			);
			name = ShoppingListTests;
			productName = ShoppingListTests;
			productReference = 3A392E48207A5A3D005857E5 /* ShoppingListTests.xctest */;
			productType = "com.apple.product-type.bundle.unit-test";
		};
/* End PBXNativeTarget section */

/* Begin PBXProject section */
		3A392E2C207A5A3C005857E5 /* Project object */ = {
			isa = PBXProject;
			attributes = {
				LastSwiftUpdateCheck = 0930;
				LastUpgradeCheck = 0930;
				ORGANIZATIONNAME = "Adrian Świątek";
				TargetAttributes = {
					3A392E33207A5A3C005857E5 = {
						CreatedOnToolsVersion = 9.3;
						LastSwiftMigration = 1000;
					};
					3A392E47207A5A3D005857E5 = {
						CreatedOnToolsVersion = 9.3;
						LastSwiftMigration = 1000;
						TestTargetID = 3A392E33207A5A3C005857E5;
					};
				};
			};
			buildConfigurationList = 3A392E2F207A5A3C005857E5 /* Build configuration list for PBXProject "ShoppingList" */;
			compatibilityVersion = "Xcode 9.3";
			developmentRegion = en;
			hasScannedForEncodings = 0;
			knownRegions = (
				en,
				Base,
			);
			mainGroup = 3A392E2B207A5A3C005857E5;
			productRefGroup = 3A392E35207A5A3C005857E5 /* Products */;
			projectDirPath = "";
			projectRoot = "";
			targets = (
				3A392E33207A5A3C005857E5 /* ShoppingList */,
				3A392E47207A5A3D005857E5 /* ShoppingListTests */,
			);
		};
/* End PBXProject section */

/* Begin PBXResourcesBuildPhase section */
		3A392E32207A5A3C005857E5 /* Resources */ = {
			isa = PBXResourcesBuildPhase;
			buildActionMask = 2147483647;
			files = (
				3A392E42207A5A3D005857E5 /* LaunchScreen.storyboard in Resources */,
				3A392E3F207A5A3D005857E5 /* Assets.xcassets in Resources */,
			);
			runOnlyForDeploymentPostprocessing = 0;
		};
		3A392E46207A5A3D005857E5 /* Resources */ = {
			isa = PBXResourcesBuildPhase;
			buildActionMask = 2147483647;
			files = (
			);
			runOnlyForDeploymentPostprocessing = 0;
		};
/* End PBXResourcesBuildPhase section */

/* Begin PBXShellScriptBuildPhase section */
		28AB0E3AAF02A4BBD7C20914 /* [CP] Copy Pods Resources */ = {
			isa = PBXShellScriptBuildPhase;
			buildActionMask = 2147483647;
			files = (
			);
			inputPaths = (
			);
			name = "[CP] Copy Pods Resources";
			outputPaths = (
			);
			runOnlyForDeploymentPostprocessing = 0;
			shellPath = /bin/sh;
			shellScript = "\"${SRCROOT}/Pods/Target Support Files/Pods-ShoppingList/Pods-ShoppingList-resources.sh\"\n";
			showEnvVarsInLog = 0;
		};
		349E24A72B4CD2D0E03F1D58 /* [CP] Check Pods Manifest.lock */ = {
			isa = PBXShellScriptBuildPhase;
			buildActionMask = 2147483647;
			files = (
			);
			inputPaths = (
				"${PODS_PODFILE_DIR_PATH}/Podfile.lock",
				"${PODS_ROOT}/Manifest.lock",
			);
			name = "[CP] Check Pods Manifest.lock";
			outputPaths = (
				"$(DERIVED_FILE_DIR)/Pods-ShoppingList-checkManifestLockResult.txt",
			);
			runOnlyForDeploymentPostprocessing = 0;
			shellPath = /bin/sh;
			shellScript = "diff \"${PODS_PODFILE_DIR_PATH}/Podfile.lock\" \"${PODS_ROOT}/Manifest.lock\" > /dev/null\nif [ $? != 0 ] ; then\n    # print error to STDERR\n    echo \"error: The sandbox is not in sync with the Podfile.lock. Run 'pod install' or update your CocoaPods installation.\" >&2\n    exit 1\nfi\n# This output is used by Xcode 'outputs' to avoid re-running this script phase.\necho \"SUCCESS\" > \"${SCRIPT_OUTPUT_FILE_0}\"\n";
			showEnvVarsInLog = 0;
		};
		3B86F8D40150B28D9A46A794 /* [CP] Copy Pods Resources */ = {
			isa = PBXShellScriptBuildPhase;
			buildActionMask = 2147483647;
			files = (
			);
			inputPaths = (
			);
			name = "[CP] Copy Pods Resources";
			outputPaths = (
			);
			runOnlyForDeploymentPostprocessing = 0;
			shellPath = /bin/sh;
			shellScript = "\"${SRCROOT}/Pods/Target Support Files/Pods-ShoppingListTests/Pods-ShoppingListTests-resources.sh\"\n";
			showEnvVarsInLog = 0;
		};
		565A353FF96E5878925523FA /* [CP] Embed Pods Frameworks */ = {
			isa = PBXShellScriptBuildPhase;
			buildActionMask = 2147483647;
			files = (
			);
			inputPaths = (
			);
			name = "[CP] Embed Pods Frameworks";
			outputPaths = (
			);
			runOnlyForDeploymentPostprocessing = 0;
			shellPath = /bin/sh;
			shellScript = "\"${SRCROOT}/Pods/Target Support Files/Pods-ShoppingListTests/Pods-ShoppingListTests-frameworks.sh\"\n";
			showEnvVarsInLog = 0;
		};
		60FF8A7976CB187C2F39ADBB /* [CP] Check Pods Manifest.lock */ = {
			isa = PBXShellScriptBuildPhase;
			buildActionMask = 2147483647;
			files = (
			);
			inputPaths = (
				"${PODS_PODFILE_DIR_PATH}/Podfile.lock",
				"${PODS_ROOT}/Manifest.lock",
			);
			name = "[CP] Check Pods Manifest.lock";
			outputPaths = (
				"$(DERIVED_FILE_DIR)/Pods-ShoppingListTests-checkManifestLockResult.txt",
			);
			runOnlyForDeploymentPostprocessing = 0;
			shellPath = /bin/sh;
			shellScript = "diff \"${PODS_PODFILE_DIR_PATH}/Podfile.lock\" \"${PODS_ROOT}/Manifest.lock\" > /dev/null\nif [ $? != 0 ] ; then\n    # print error to STDERR\n    echo \"error: The sandbox is not in sync with the Podfile.lock. Run 'pod install' or update your CocoaPods installation.\" >&2\n    exit 1\nfi\n# This output is used by Xcode 'outputs' to avoid re-running this script phase.\necho \"SUCCESS\" > \"${SCRIPT_OUTPUT_FILE_0}\"\n";
			showEnvVarsInLog = 0;
		};
		8C1912A649E1CBD362BB6004 /* [CP] Embed Pods Frameworks */ = {
			isa = PBXShellScriptBuildPhase;
			buildActionMask = 2147483647;
			files = (
			);
			inputPaths = (
			);
			name = "[CP] Embed Pods Frameworks";
			outputPaths = (
			);
			runOnlyForDeploymentPostprocessing = 0;
			shellPath = /bin/sh;
			shellScript = "\"${SRCROOT}/Pods/Target Support Files/Pods-ShoppingList/Pods-ShoppingList-frameworks.sh\"\n";
			showEnvVarsInLog = 0;
		};
/* End PBXShellScriptBuildPhase section */

/* Begin PBXSourcesBuildPhase section */
		3A392E30207A5A3C005857E5 /* Sources */ = {
			isa = PBXSourcesBuildPhase;
			buildActionMask = 2147483647;
			files = (
				3AFAEF1420DD8A1F00E58C00 /* ListsViewController.swift in Sources */,
				3AF04E9920D2FA6000938F13 /* ManageCategoriesTableViewCell.swift in Sources */,
				3A992241212E042800A6A2F9 /* PopupWithTextFieldController.swift in Sources */,
				3ADFCD4120E95D0900E49C17 /* ListsForEditItemDelegate.swift in Sources */,
				3A4E318E2142F8A600BE1DCD /* Command.swift in Sources */,
				3A82DC56207D7539006B3885 /* BasketViewController.swift in Sources */,
				3A56DE92212CB1BF00F269F3 /* ValidationButtonRule.swift in Sources */,
				3A13566F207E9910006A7414 /* AddToBasketDelegate.swift in Sources */,
				3A562A0120E40CFF0030732D /* EditListAlertBuilder.swift in Sources */,
				3A972EC2207A8A1000963961 /* CancelButtonAnimations.swift in Sources */,
				3A54252120BBE2D10095D66A /* BasketToolbarDelegate.swift in Sources */,
				3AE3AF722129EB8B00D105FE /* TextFieldWithWarning.swift in Sources */,
				3AE81922214EE717009E962F /* BasketCommand.swift in Sources */,
				3A2001312097D4D00015111F /* BasketVewController+UITableView.swift in Sources */,
				3A4E319D214322DD00BE1DCD /* ItemsCommand.swift in Sources */,
				3AD1EFFE20D45B700066FBF7 /* WarningAlertBuilder.swift in Sources */,
				3A67525F2132C0F7008CD3E4 /* TextFieldWithWarningDelegate.swift in Sources */,
				3A8F1A292107CE1900F27A1E /* ListActionsAlertBuilder.swift in Sources */,
				3A043E5F20D6E3470068287B /* ManageCategoriesViewController+TextFieldWithCancelDelegate.swift in Sources */,
				3ADFCD3920E9441900E49C17 /* CategoriesForEditItemDelegate.swift in Sources */,
				3AFAEF1820DD946E00E58C00 /* ListsViewController+UITableView.swift in Sources */,
				3AB80FD92110FD70002DDC4C /* InfoForEditItemDelegate.swift in Sources */,
				3A54251F20BBDE7C0095D66A /* BasketViewController+BasketToolbarDelegate.swift in Sources */,
				3A392E3A207A5A3C005857E5 /* ItemsViewController.swift in Sources */,
				3AB80FD72110FD49002DDC4C /* InfoForEditItem+UITextFieldDelegate.swift in Sources */,
				3A69E41220B9EFD0004D122E /* Repository.swift in Sources */,
				3A8BC19820C7024100B2F357 /* ItemsOrder.swift in Sources */,
				3ADFCD4320E95DAF00E49C17 /* EditItemViewController+ListsForEditItemDelegate.swift in Sources */,
				3AEDFEF420BC9FE30002B6F7 /* ItemsToolbarDelegate.swift in Sources */,
				3A92DFDB2149BA7B009EA5B7 /* RemoveListCommand.swift in Sources */,
				3A3B54AF20D05D310039CDCC /* EditItemViewControllerDelegate.swift in Sources */,
				3AFBF96A2128DDC500FEAB55 /* ValidationButtonAnimations.swift in Sources */,
				3A50641B20E0121000DBB5C4 /* ItemsViewControllerDelegate.swift in Sources */,
				3A043E6120D6FC400068287B /* CollectionExtensions.swift in Sources */,
				3AFAEF1120DD88DE00E58C00 /* List.swift in Sources */,
				3ADFCD3720E93EC500E49C17 /* EditItemViewController+CategoriesForEditItemDelegate.swift in Sources */,
				3A818D57214B08F6005BEC5F /* AddItemsBackToListCommand.swift in Sources */,
				3ADFCD3D20E9503E00E49C17 /* ListsForEditItem.swift in Sources */,
				3A8BC19A20C72C3300B2F357 /* ItemsOrdersEntityExtensions.swift in Sources */,
				3A193C8821335F9E00EF6288 /* ListNameGenerator.swift in Sources */,
				3A82DC50207D52BC006B3885 /* ItemState.swift in Sources */,
				3A9EAF44209BBF5300B4A39D /* InMemoryRepository.swift in Sources */,
				3AE81924214F0100009E962F /* AddItemsToBasketCommand.swift in Sources */,
				3A20012D2097CE6F0015111F /* ItemsViewController+AddToBasketDelegate.swift in Sources */,
				3ADFCD3F20E9523900E49C17 /* ListsForEditItem+UIPickerView.swift in Sources */,
				3A562A0320E430CE0030732D /* ListEntityExtensions.swift in Sources */,
				3ADFCD4520E964F200E49C17 /* AddListPopupForEditItem.swift in Sources */,
				3A82DC53207D6616006B3885 /* UITableViewExtensions.swift in Sources */,
				3AD1F00020D461650066FBF7 /* DeleteCategoryAlertBuilder.swift in Sources */,
				3AD1F00520D46C8E0066FBF7 /* EditContextualActionBuilder.swift in Sources */,
				3AEDFEF220BC9F980002B6F7 /* ItemsToolbar.swift in Sources */,
				3A69E41D20BA1C37004D122E /* ItemEntityExtensions.swift in Sources */,
				3AB80FD52110FCE7002DDC4C /* InfoForEditItem.swift in Sources */,
				3AC6212120C0575900A16F0E /* TextFieldWithCancelDelegate.swift in Sources */,
				3A972EC4207A97B300963961 /* ItemsTableViewCell.swift in Sources */,
				3A422A4521472CCD00773BD8 /* ItemsTableViewHeaderCell.swift in Sources */,
				3ADFCD3B20E947D500E49C17 /* AddCategoryPopupForEditItem.swift in Sources */,
				3A4E319821430F0800BE1DCD /* CommandSource.swift in Sources */,
				3A972EBF207A877D00963961 /* UIViewExtensions.swift in Sources */,
				3ADFCD2B20E928C700E49C17 /* ItemNameForEditItemDelegate.swift in Sources */,
				3A9EAF42209BBA4900B4A39D /* Category.swift in Sources */,
				3A69E40E20B9ECE7004D122E /* CoreDataRepository.swift in Sources */,
				3A82DC4E207D5296006B3885 /* Item.swift in Sources */,
				3A50641D20E012C400DBB5C4 /* ListsViewController+ItemsViewControllerDelegate.swift in Sources */,
				3AEDFEF020BC9F460002B6F7 /* ItemsViewController+ItemsToolbarDelegate.swift in Sources */,
				3A37694E20D1B3780039DA54 /* SettingsViewController+UITableView.swift in Sources */,
				3A3B54B120D05F870039CDCC /* ItemsViewController+EditItemViewControllerDelegate.swift in Sources */,
				3A13566D207E94D8006A7414 /* BasketTableViewCell.swift in Sources */,
				3A31380220D85ADF00635266 /* CategoryEntityExtensions.swift in Sources */,
				3AFAEF1C20DDA05500E58C00 /* ListsTableViewCell.swift in Sources */,
				3A392E38207A5A3C005857E5 /* AppDelegate.swift in Sources */,
				3A20012B2097CBBE0015111F /* ItemsViewController+UITableView.swift in Sources */,
				3ABFD99120CD9B5E00D0C258 /* CategoriesForEditItem+UIPickerView.swift in Sources */,
				3A50641720DFEE5300DBB5C4 /* ListsViewController+TextFieldWithCancelDelegate.swift in Sources */,
				3A03324E20C9BD56007C7B46 /* EditItemViewController.swift in Sources */,
				3AC68B9620E2DF2A000F0487 /* DeleteListAlertBuilder.swift in Sources */,
				3A818D59214B0C1E005BEC5F /* RemoveItemsFromBasketCommand.swift in Sources */,
				3A135671207E993D006A7414 /* RemoveFromBasketDelegate.swift in Sources */,
				3ADFCD3020E9295C00E49C17 /* CategoriesForEditItem.swift in Sources */,
				3ACC283B20C8699300F31AB6 /* ItemsSorter.swift in Sources */,
				3AE3AF74212A07D800D105FE /* ButtonValidatable.swift in Sources */,
				3AFAEF1E20DDA78D00E58C00 /* ListAccessType.swift in Sources */,
				3A8B0B8D2152F400008E184F /* RemoveItemsFromListCommand.swift in Sources */,
				3A37694C20D1B27D0039DA54 /* SettingsViewController.swift in Sources */,
				3A69E41420B9F158004D122E /* RepositoryProtocol.swift in Sources */,
				3A8F1A2B2107D7B700F27A1E /* ListsActionsAlertDelegate.swift in Sources */,
				3A37695120D1BA920039DA54 /* ManageCategoriesViewController.swift in Sources */,
				3AC68B9320E2CF7F000F0487 /* BottomShadowAnimations.swift in Sources */,
				3A69E41720BA01AF004D122E /* ShoppingList.xcdatamodeld in Sources */,
				3AD1F00720D476A20066FBF7 /* DeleteContextualActionBuilder.swift in Sources */,
				3A2001332097D5250015111F /* BasketViewController+RemoveFromBasket.swift in Sources */,
				3ADFCD2620E91AF800E49C17 /* ItemNameForEditItem.swift in Sources */,
				3A8F1A2D2107D82B00F27A1E /* ListsViewController+ListsActionsAlertDelegate.swift in Sources */,
				3A4E31902142F8C800BE1DCD /* CommandInvoker.swift in Sources */,
				3A54251D20BBD8090095D66A /* BasketToolbar.swift in Sources */,
				3A67525A2132B18D008CD3E4 /* ButtonWithHighlight.swift in Sources */,
				3A37695320D1BAD00039DA54 /* ManageCategoriesViewController+UITableView.swift in Sources */,
				3AC6211F20C0570100A16F0E /* ItemsViewController+TextFieldWithCancelDelegate.swift in Sources */,
				3A135673207E9AF3006A7414 /* UIButtonExtensions.swift in Sources */,
				3AAC84F9211235EE00FF3B9E /* EditItemViewController+UIGestureRecognizerDelegate.swift in Sources */,
				3AC6211D20C0542A00A16F0E /* TextFieldWithCancel.swift in Sources */,
				3A818D55214B00E3005BEC5F /* RemoveCategoryCommand.swift in Sources */,
			);
			runOnlyForDeploymentPostprocessing = 0;
		};
		3A392E44207A5A3D005857E5 /* Sources */ = {
			isa = PBXSourcesBuildPhase;
			buildActionMask = 2147483647;
			files = (
				3A392E4D207A5A3D005857E5 /* ShoppingListTests.swift in Sources */,
			);
			runOnlyForDeploymentPostprocessing = 0;
		};
/* End PBXSourcesBuildPhase section */

/* Begin PBXTargetDependency section */
		3A392E4A207A5A3D005857E5 /* PBXTargetDependency */ = {
			isa = PBXTargetDependency;
			target = 3A392E33207A5A3C005857E5 /* ShoppingList */;
			targetProxy = 3A392E49207A5A3D005857E5 /* PBXContainerItemProxy */;
		};
/* End PBXTargetDependency section */

/* Begin PBXVariantGroup section */
		3A392E40207A5A3D005857E5 /* LaunchScreen.storyboard */ = {
			isa = PBXVariantGroup;
			children = (
				3A392E41207A5A3D005857E5 /* Base */,
			);
			name = LaunchScreen.storyboard;
			sourceTree = "<group>";
		};
/* End PBXVariantGroup section */

/* Begin XCBuildConfiguration section */
		3A392E4F207A5A3D005857E5 /* Debug */ = {
			isa = XCBuildConfiguration;
			buildSettings = {
				ALWAYS_SEARCH_USER_PATHS = NO;
				CLANG_ANALYZER_NONNULL = YES;
				CLANG_ANALYZER_NUMBER_OBJECT_CONVERSION = YES_AGGRESSIVE;
				CLANG_CXX_LANGUAGE_STANDARD = "gnu++14";
				CLANG_CXX_LIBRARY = "libc++";
				CLANG_ENABLE_MODULES = YES;
				CLANG_ENABLE_OBJC_ARC = YES;
				CLANG_ENABLE_OBJC_WEAK = YES;
				CLANG_WARN_BLOCK_CAPTURE_AUTORELEASING = YES;
				CLANG_WARN_BOOL_CONVERSION = YES;
				CLANG_WARN_COMMA = YES;
				CLANG_WARN_CONSTANT_CONVERSION = YES;
				CLANG_WARN_DEPRECATED_OBJC_IMPLEMENTATIONS = YES;
				CLANG_WARN_DIRECT_OBJC_ISA_USAGE = YES_ERROR;
				CLANG_WARN_DOCUMENTATION_COMMENTS = YES;
				CLANG_WARN_EMPTY_BODY = YES;
				CLANG_WARN_ENUM_CONVERSION = YES;
				CLANG_WARN_INFINITE_RECURSION = YES;
				CLANG_WARN_INT_CONVERSION = YES;
				CLANG_WARN_NON_LITERAL_NULL_CONVERSION = YES;
				CLANG_WARN_OBJC_IMPLICIT_RETAIN_SELF = YES;
				CLANG_WARN_OBJC_LITERAL_CONVERSION = YES;
				CLANG_WARN_OBJC_ROOT_CLASS = YES_ERROR;
				CLANG_WARN_RANGE_LOOP_ANALYSIS = YES;
				CLANG_WARN_STRICT_PROTOTYPES = YES;
				CLANG_WARN_SUSPICIOUS_MOVE = YES;
				CLANG_WARN_UNGUARDED_AVAILABILITY = YES_AGGRESSIVE;
				CLANG_WARN_UNREACHABLE_CODE = YES;
				CLANG_WARN__DUPLICATE_METHOD_MATCH = YES;
				CODE_SIGN_IDENTITY = "iPhone Developer";
				COPY_PHASE_STRIP = NO;
				DEBUG_INFORMATION_FORMAT = dwarf;
				ENABLE_STRICT_OBJC_MSGSEND = YES;
				ENABLE_TESTABILITY = YES;
				GCC_C_LANGUAGE_STANDARD = gnu11;
				GCC_DYNAMIC_NO_PIC = NO;
				GCC_NO_COMMON_BLOCKS = YES;
				GCC_OPTIMIZATION_LEVEL = 0;
				GCC_PREPROCESSOR_DEFINITIONS = (
					"DEBUG=1",
					"$(inherited)",
				);
				GCC_WARN_64_TO_32_BIT_CONVERSION = YES;
				GCC_WARN_ABOUT_RETURN_TYPE = YES_ERROR;
				GCC_WARN_UNDECLARED_SELECTOR = YES;
				GCC_WARN_UNINITIALIZED_AUTOS = YES_AGGRESSIVE;
				GCC_WARN_UNUSED_FUNCTION = YES;
				GCC_WARN_UNUSED_VARIABLE = YES;
				IPHONEOS_DEPLOYMENT_TARGET = 11.3;
				MTL_ENABLE_DEBUG_INFO = YES;
				ONLY_ACTIVE_ARCH = YES;
				SDKROOT = iphoneos;
				SWIFT_ACTIVE_COMPILATION_CONDITIONS = DEBUG;
				SWIFT_OPTIMIZATION_LEVEL = "-Onone";
			};
			name = Debug;
		};
		3A392E50207A5A3D005857E5 /* Release */ = {
			isa = XCBuildConfiguration;
			buildSettings = {
				ALWAYS_SEARCH_USER_PATHS = NO;
				CLANG_ANALYZER_NONNULL = YES;
				CLANG_ANALYZER_NUMBER_OBJECT_CONVERSION = YES_AGGRESSIVE;
				CLANG_CXX_LANGUAGE_STANDARD = "gnu++14";
				CLANG_CXX_LIBRARY = "libc++";
				CLANG_ENABLE_MODULES = YES;
				CLANG_ENABLE_OBJC_ARC = YES;
				CLANG_ENABLE_OBJC_WEAK = YES;
				CLANG_WARN_BLOCK_CAPTURE_AUTORELEASING = YES;
				CLANG_WARN_BOOL_CONVERSION = YES;
				CLANG_WARN_COMMA = YES;
				CLANG_WARN_CONSTANT_CONVERSION = YES;
				CLANG_WARN_DEPRECATED_OBJC_IMPLEMENTATIONS = YES;
				CLANG_WARN_DIRECT_OBJC_ISA_USAGE = YES_ERROR;
				CLANG_WARN_DOCUMENTATION_COMMENTS = YES;
				CLANG_WARN_EMPTY_BODY = YES;
				CLANG_WARN_ENUM_CONVERSION = YES;
				CLANG_WARN_INFINITE_RECURSION = YES;
				CLANG_WARN_INT_CONVERSION = YES;
				CLANG_WARN_NON_LITERAL_NULL_CONVERSION = YES;
				CLANG_WARN_OBJC_IMPLICIT_RETAIN_SELF = YES;
				CLANG_WARN_OBJC_LITERAL_CONVERSION = YES;
				CLANG_WARN_OBJC_ROOT_CLASS = YES_ERROR;
				CLANG_WARN_RANGE_LOOP_ANALYSIS = YES;
				CLANG_WARN_STRICT_PROTOTYPES = YES;
				CLANG_WARN_SUSPICIOUS_MOVE = YES;
				CLANG_WARN_UNGUARDED_AVAILABILITY = YES_AGGRESSIVE;
				CLANG_WARN_UNREACHABLE_CODE = YES;
				CLANG_WARN__DUPLICATE_METHOD_MATCH = YES;
				CODE_SIGN_IDENTITY = "iPhone Developer";
				COPY_PHASE_STRIP = NO;
				DEBUG_INFORMATION_FORMAT = "dwarf-with-dsym";
				ENABLE_NS_ASSERTIONS = NO;
				ENABLE_STRICT_OBJC_MSGSEND = YES;
				GCC_C_LANGUAGE_STANDARD = gnu11;
				GCC_NO_COMMON_BLOCKS = YES;
				GCC_WARN_64_TO_32_BIT_CONVERSION = YES;
				GCC_WARN_ABOUT_RETURN_TYPE = YES_ERROR;
				GCC_WARN_UNDECLARED_SELECTOR = YES;
				GCC_WARN_UNINITIALIZED_AUTOS = YES_AGGRESSIVE;
				GCC_WARN_UNUSED_FUNCTION = YES;
				GCC_WARN_UNUSED_VARIABLE = YES;
				IPHONEOS_DEPLOYMENT_TARGET = 11.3;
				MTL_ENABLE_DEBUG_INFO = NO;
				SDKROOT = iphoneos;
				SWIFT_COMPILATION_MODE = wholemodule;
				SWIFT_OPTIMIZATION_LEVEL = "-O";
				VALIDATE_PRODUCT = YES;
			};
			name = Release;
		};
		3A392E52207A5A3D005857E5 /* Debug */ = {
			isa = XCBuildConfiguration;
			baseConfigurationReference = BDE64E5E42B865B8309C895D /* Pods-ShoppingList.debug.xcconfig */;
			buildSettings = {
				ASSETCATALOG_COMPILER_APPICON_NAME = AppIcon;
				CODE_SIGN_STYLE = Automatic;
				DEVELOPMENT_TEAM = Q924VJ4PLT;
				INFOPLIST_FILE = ShoppingList/Info.plist;
				LD_RUNPATH_SEARCH_PATHS = (
					"$(inherited)",
					"@executable_path/Frameworks",
				);
				PRODUCT_BUNDLE_IDENTIFIER = pl.aswiatek.ShoppingList;
				PRODUCT_NAME = "$(TARGET_NAME)";
				SWIFT_VERSION = 4.2;
				TARGETED_DEVICE_FAMILY = "1,2";
			};
			name = Debug;
		};
		3A392E53207A5A3D005857E5 /* Release */ = {
			isa = XCBuildConfiguration;
			baseConfigurationReference = E52E21F2A86FCBBDF678C96E /* Pods-ShoppingList.release.xcconfig */;
			buildSettings = {
				ASSETCATALOG_COMPILER_APPICON_NAME = AppIcon;
				CODE_SIGN_STYLE = Automatic;
				DEVELOPMENT_TEAM = Q924VJ4PLT;
				INFOPLIST_FILE = ShoppingList/Info.plist;
				LD_RUNPATH_SEARCH_PATHS = (
					"$(inherited)",
					"@executable_path/Frameworks",
				);
				PRODUCT_BUNDLE_IDENTIFIER = pl.aswiatek.ShoppingList;
				PRODUCT_NAME = "$(TARGET_NAME)";
				SWIFT_VERSION = 4.2;
				TARGETED_DEVICE_FAMILY = "1,2";
			};
			name = Release;
		};
		3A392E55207A5A3D005857E5 /* Debug */ = {
			isa = XCBuildConfiguration;
			baseConfigurationReference = D1A0B863F8DE71CF32C372D1 /* Pods-ShoppingListTests.debug.xcconfig */;
			buildSettings = {
				ALWAYS_EMBED_SWIFT_STANDARD_LIBRARIES = YES;
				BUNDLE_LOADER = "$(TEST_HOST)";
				CODE_SIGN_STYLE = Automatic;
				DEVELOPMENT_TEAM = Q924VJ4PLT;
				INFOPLIST_FILE = ShoppingListTests/Info.plist;
				LD_RUNPATH_SEARCH_PATHS = (
					"$(inherited)",
					"@executable_path/Frameworks",
					"@loader_path/Frameworks",
				);
				PRODUCT_BUNDLE_IDENTIFIER = pl.aswiatek.ShoppingListTests;
				PRODUCT_NAME = "$(TARGET_NAME)";
				SWIFT_VERSION = 4.2;
				TARGETED_DEVICE_FAMILY = "1,2";
				TEST_HOST = "$(BUILT_PRODUCTS_DIR)/ShoppingList.app/ShoppingList";
			};
			name = Debug;
		};
		3A392E56207A5A3D005857E5 /* Release */ = {
			isa = XCBuildConfiguration;
			baseConfigurationReference = 65FD02EE20E74D6FFBCB7B47 /* Pods-ShoppingListTests.release.xcconfig */;
			buildSettings = {
				ALWAYS_EMBED_SWIFT_STANDARD_LIBRARIES = YES;
				BUNDLE_LOADER = "$(TEST_HOST)";
				CODE_SIGN_STYLE = Automatic;
				DEVELOPMENT_TEAM = Q924VJ4PLT;
				INFOPLIST_FILE = ShoppingListTests/Info.plist;
				LD_RUNPATH_SEARCH_PATHS = (
					"$(inherited)",
					"@executable_path/Frameworks",
					"@loader_path/Frameworks",
				);
				PRODUCT_BUNDLE_IDENTIFIER = pl.aswiatek.ShoppingListTests;
				PRODUCT_NAME = "$(TARGET_NAME)";
				SWIFT_VERSION = 4.2;
				TARGETED_DEVICE_FAMILY = "1,2";
				TEST_HOST = "$(BUILT_PRODUCTS_DIR)/ShoppingList.app/ShoppingList";
			};
			name = Release;
		};
/* End XCBuildConfiguration section */

/* Begin XCConfigurationList section */
		3A392E2F207A5A3C005857E5 /* Build configuration list for PBXProject "ShoppingList" */ = {
			isa = XCConfigurationList;
			buildConfigurations = (
				3A392E4F207A5A3D005857E5 /* Debug */,
				3A392E50207A5A3D005857E5 /* Release */,
			);
			defaultConfigurationIsVisible = 0;
			defaultConfigurationName = Release;
		};
		3A392E51207A5A3D005857E5 /* Build configuration list for PBXNativeTarget "ShoppingList" */ = {
			isa = XCConfigurationList;
			buildConfigurations = (
				3A392E52207A5A3D005857E5 /* Debug */,
				3A392E53207A5A3D005857E5 /* Release */,
			);
			defaultConfigurationIsVisible = 0;
			defaultConfigurationName = Release;
		};
		3A392E54207A5A3D005857E5 /* Build configuration list for PBXNativeTarget "ShoppingListTests" */ = {
			isa = XCConfigurationList;
			buildConfigurations = (
				3A392E55207A5A3D005857E5 /* Debug */,
				3A392E56207A5A3D005857E5 /* Release */,
			);
			defaultConfigurationIsVisible = 0;
			defaultConfigurationName = Release;
		};
/* End XCConfigurationList section */

/* Begin XCVersionGroup section */
		3A69E41520BA01AF004D122E /* ShoppingList.xcdatamodeld */ = {
			isa = XCVersionGroup;
			children = (
				3AAC84FA2112390F00FF3B9E /* ShoppingList 0.2.xcdatamodel */,
				3A69E41620BA01AF004D122E /* ShoppingList.xcdatamodel */,
			);
			currentVersion = 3AAC84FA2112390F00FF3B9E /* ShoppingList 0.2.xcdatamodel */;
			path = ShoppingList.xcdatamodeld;
			sourceTree = "<group>";
			versionGroupType = wrapper.xcdatamodel;
		};
/* End XCVersionGroup section */
	};
	rootObject = 3A392E2C207A5A3C005857E5 /* Project object */;
}
